// !$*UTF8*$!
{
	archiveVersion = 1;
	classes = {
	};
	objectVersion = 77;
	objects = {

/* Begin PBXBuildFile section */
		A10APIFRM00000000000001 /* CodexAPI in Frameworks */ = {isa = PBXBuildFile; productRef = A10APIPROD0000000000001 /* CodexAPI */; };
		A10APIFRMT0000000000001 /* CodexAPI in Frameworks */ = {isa = PBXBuildFile; productRef = A10APIPROD0000000000001 /* CodexAPI */; };
		A10APPLYFRM000000000000001 /* ApplyPatch in Frameworks */ = {isa = PBXBuildFile; productRef = A10APPLYPROD0000000000001 /* ApplyPatch */; };
		A10APPLYFRMT00000000000001 /* ApplyPatch in Frameworks */ = {isa = PBXBuildFile; productRef = A10APPLYPROD0000000000001 /* ApplyPatch */; };
		A10ASYNCFRM000000000001 /* CodexAsyncUtils in Frameworks */ = {isa = PBXBuildFile; productRef = A10ASYNCPROD00000000001 /* CodexAsyncUtils */; };
		A10ASYNCFRMT00000000001 /* CodexAsyncUtils in Frameworks */ = {isa = PBXBuildFile; productRef = A10ASYNCPROD00000000001 /* CodexAsyncUtils */; };
		A10COREFRM0000000000001 /* CodexCore in Frameworks */ = {isa = PBXBuildFile; productRef = A10COREPROD000000000001 /* CodexCore */; };
		A10COREFRMT000000000001 /* CodexCore in Frameworks */ = {isa = PBXBuildFile; productRef = A10COREPROD000000000001 /* CodexCore */; };
		A10EXECPFRM000000000001 /* CodexExecPolicy in Frameworks */ = {isa = PBXBuildFile; productRef = A10EXECPPROD00000000001 /* CodexExecPolicy */; };
		A10EXECPFRMT00000000001 /* CodexExecPolicy in Frameworks */ = {isa = PBXBuildFile; productRef = A10EXECPPROD00000000001 /* CodexExecPolicy */; };
		A10FSFRM0000000000000001 /* FileSystem in Frameworks */ = {isa = PBXBuildFile; productRef = A10FSPROD00000000000001 /* FileSystem */; };
		A10FSFRMT000000000000001 /* FileSystem in Frameworks */ = {isa = PBXBuildFile; productRef = A10FSPROD00000000000001 /* FileSystem */; };
		A10GITFRM00000000000001 /* CodexGitUtils in Frameworks */ = {isa = PBXBuildFile; productRef = A10GITPROD0000000000001 /* CodexGitUtils */; };
		A10GITFRMT0000000000001 /* CodexGitUtils in Frameworks */ = {isa = PBXBuildFile; productRef = A10GITPROD0000000000001 /* CodexGitUtils */; };
		A10GRDB000000000000000001 /* GRDB in Frameworks */ = {isa = PBXBuildFile; productRef = A10GRDB000000000000000002 /* GRDB */; };
		A10HISTFRM0000000000001 /* CodexHistory in Frameworks */ = {isa = PBXBuildFile; productRef = A10HISTPROD000000000001 /* CodexHistory */; };
		A10HISTFRMT000000000001 /* CodexHistory in Frameworks */ = {isa = PBXBuildFile; productRef = A10HISTPROD000000000001 /* CodexHistory */; };
		A10HOOKBLD0000000000001 /* Sage/Agent/Execute/Harness/hook_runtime.swift in Sources */ = {isa = PBXBuildFile; fileRef = A10HOOKREF0000000000001 /* Sage/Agent/Execute/Harness/hook_runtime.swift */; };
		A10MARKDOWN00000000000001 /* MarkdownUI in Frameworks */ = {isa = PBXBuildFile; productRef = A10MARKDOWN00000000000002 /* MarkdownUI */; };
		A10MDENGINE0000000000001 /* MarkdownEngine in Frameworks */ = {isa = PBXBuildFile; productRef = A10MDENGINE0000000000002 /* MarkdownEngine */; };
		A10MPIFRM00000000000001 /* CodexModelProviderInfo in Frameworks */ = {isa = PBXBuildFile; productRef = A10MPIPROD0000000000001 /* CodexModelProviderInfo */; };
		A10MPIFRMT0000000000001 /* CodexModelProviderInfo in Frameworks */ = {isa = PBXBuildFile; productRef = A10MPIPROD0000000000001 /* CodexModelProviderInfo */; };
		A10PROTOFRM0000000000001 /* CodexProtocol in Frameworks */ = {isa = PBXBuildFile; productRef = A10PROTOPROD000000000001 /* CodexProtocol */; };
		A10PROTOFRMT000000000001 /* CodexProtocol in Frameworks */ = {isa = PBXBuildFile; productRef = A10PROTOPROD000000000001 /* CodexProtocol */; };
		A10ROLLFRM0000000000001 /* CodexRollout in Frameworks */ = {isa = PBXBuildFile; productRef = A10ROLLPROD000000000001 /* CodexRollout */; };
		A10ROLLFRMT000000000001 /* CodexRollout in Frameworks */ = {isa = PBXBuildFile; productRef = A10ROLLPROD000000000001 /* CodexRollout */; };
		A10RUNTIMFRM00000000000001 /* ToolsRuntimes in Frameworks */ = {isa = PBXBuildFile; productRef = A10RUNTIMPROD000000000001 /* ToolsRuntimes */; };
		A10SBOXFRM0000000000001 /* CodexSandboxing in Frameworks */ = {isa = PBXBuildFile; productRef = A10SBOXPROD000000000001 /* CodexSandboxing */; };
		A10SBOXFRMT000000000001 /* CodexSandboxing in Frameworks */ = {isa = PBXBuildFile; productRef = A10SBOXPROD000000000001 /* CodexSandboxing */; };
		A10SHELLFRM000000000001 /* CodexShellCommand in Frameworks */ = {isa = PBXBuildFile; productRef = A10SHELLPROD00000000001 /* CodexShellCommand */; };
		A10SHELLFRMT00000000001 /* CodexShellCommand in Frameworks */ = {isa = PBXBuildFile; productRef = A10SHELLPROD00000000001 /* CodexShellCommand */; };
		A10STATFRM0000000000001 /* CodexState in Frameworks */ = {isa = PBXBuildFile; productRef = A10STATPROD000000000001 /* CodexState */; };
		A10STATFRMT000000000001 /* CodexState in Frameworks */ = {isa = PBXBuildFile; productRef = A10STATPROD000000000001 /* CodexState */; };
		A10STSF00000000000000000 /* SwiftTreeSitter in Frameworks */ = {isa = PBXBuildFile; productRef = A10STSP00000000000000000 /* SwiftTreeSitter */; };
		A10THSTFRM0000000000001 /* CodexThreadStore in Frameworks */ = {isa = PBXBuildFile; productRef = A10THSTPROD000000000001 /* CodexThreadStore */; };
		A10THSTFRMT000000000001 /* CodexThreadStore in Frameworks */ = {isa = PBXBuildFile; productRef = A10THSTPROD000000000001 /* CodexThreadStore */; };
		A10FRAGFRM0000000000001 /* CodexContextFragments in Frameworks */ = {isa = PBXBuildFile; productRef = A10FRAGPROD000000000001 /* CodexContextFragments */; };
		A10FRAGFRMT000000000001 /* CodexContextFragments in Frameworks */ = {isa = PBXBuildFile; productRef = A10FRAGPROD000000000001 /* CodexContextFragments */; };
		A10ROLEFRM0000000000001 /* CodexAgentRoles in Frameworks */ = {isa = PBXBuildFile; productRef = A10ROLEPROD000000000001 /* CodexAgentRoles */; };
		A10ROLEFRMT000000000001 /* CodexAgentRoles in Frameworks */ = {isa = PBXBuildFile; productRef = A10ROLEPROD000000000001 /* CodexAgentRoles */; };
		A10HOOKFRM0000000000001 /* CodexHooks in Frameworks */ = {isa = PBXBuildFile; productRef = A10HOOKPROD000000000001 /* CodexHooks */; };
		A10HOOKFRMT000000000001 /* CodexHooks in Frameworks */ = {isa = PBXBuildFile; productRef = A10HOOKPROD000000000001 /* CodexHooks */; };
		A10TSBASHF00000000000000 /* TreeSitterBash in Frameworks */ = {isa = PBXBuildFile; productRef = A10TSBASHP00000000000000 /* TreeSitterBash */; };
		A10TSCF00000000000000000 /* TreeSitterC in Frameworks */ = {isa = PBXBuildFile; productRef = A10TSCP00000000000000000 /* TreeSitterC */; };
		A10TSCPPF000000000000000 /* TreeSitterCPP in Frameworks */ = {isa = PBXBuildFile; productRef = A10TSCPPP000000000000000 /* TreeSitterCPP */; };
		A10TSCSSF000000000000000 /* TreeSitterCSS in Frameworks */ = {isa = PBXBuildFile; productRef = A10TSCSSP000000000000000 /* TreeSitterCSS */; };
		A10TSGOF0000000000000000 /* TreeSitterGo in Frameworks */ = {isa = PBXBuildFile; productRef = A10TSGOP0000000000000000 /* TreeSitterGo */; };
		A10TSHTMLF00000000000000 /* TreeSitterHTML in Frameworks */ = {isa = PBXBuildFile; productRef = A10TSHTMLP00000000000000 /* TreeSitterHTML */; };
		A10TSJAVAF00000000000000 /* TreeSitterJava in Frameworks */ = {isa = PBXBuildFile; productRef = A10TSJAVAP00000000000000 /* TreeSitterJava */; };
		A10TSJSF0000000000000000 /* TreeSitterJavaScript in Frameworks */ = {isa = PBXBuildFile; productRef = A10TSJSP0000000000000000 /* TreeSitterJavaScript */; };
		A10TSJSONF00000000000000 /* TreeSitterJSON in Frameworks */ = {isa = PBXBuildFile; productRef = A10TSJSONP00000000000000 /* TreeSitterJSON */; };
		A10TSKTF0000000000000000 /* TreeSitterKotlin in Frameworks */ = {isa = PBXBuildFile; productRef = A10TSKTP0000000000000000 /* TreeSitterKotlin */; };
		A10TSPYF0000000000000000 /* TreeSitterPython in Frameworks */ = {isa = PBXBuildFile; productRef = A10TSPYP0000000000000000 /* TreeSitterPython */; };
		A10TSRBF0000000000000000 /* TreeSitterRuby in Frameworks */ = {isa = PBXBuildFile; productRef = A10TSRBP0000000000000000 /* TreeSitterRuby */; };
		A10TSRSF0000000000000000 /* TreeSitterRust in Frameworks */ = {isa = PBXBuildFile; productRef = A10TSRSP0000000000000000 /* TreeSitterRust */; };
		A10TSSWIFTF0000000000000 /* TreeSitterSwift in Frameworks */ = {isa = PBXBuildFile; productRef = A10TSSWIFTP0000000000000 /* TreeSitterSwift */; };
		A10TSTSF0000000000000000 /* TreeSitterTypeScript in Frameworks */ = {isa = PBXBuildFile; productRef = A10TSTSP0000000000000000 /* TreeSitterTypeScript */; };
		A10UTILSFRM0000000000001 /* CodexUtils in Frameworks */ = {isa = PBXBuildFile; productRef = A10UTILSPROD000000000001 /* CodexUtils */; };
		A10UTILSFRMT000000000001 /* CodexUtils in Frameworks */ = {isa = PBXBuildFile; productRef = A10UTILSPROD000000000001 /* CodexUtils */; };
/* End PBXBuildFile section */

/* Begin PBXContainerItemProxy section */
		A10TESTPRX0000000000001 /* PBXContainerItemProxy */ = {
			isa = PBXContainerItemProxy;
			containerPortal = 30ACE9CD3001EBF5006F8C54 /* Project object */;
			proxyType = 1;
			remoteGlobalIDString = 30ACE9D43001EBF5006F8C54;
			remoteInfo = Sage;
		};
/* End PBXContainerItemProxy section */

/* Begin PBXFileReference section */
		30ACE9D53001EBF5006F8C54 /* Sage.app */ = {isa = PBXFileReference; explicitFileType = wrapper.application; includeInIndex = 0; path = Sage.app; sourceTree = BUILT_PRODUCTS_DIR; };
		A10HOOKREF0000000000001 /* Sage/Agent/Execute/Harness/hook_runtime.swift */ = {isa = PBXFileReference; lastKnownFileType = sourcecode.swift; path = Sage/Agent/Execute/Harness/hook_runtime.swift; sourceTree = "<group>"; };
		A10TESTPROD000000000001 /* SageTests.xctest */ = {isa = PBXFileReference; explicitFileType = wrapper.cfbundle; includeInIndex = 0; path = SageTests.xctest; sourceTree = BUILT_PRODUCTS_DIR; };
/* End PBXFileReference section */

/* Begin PBXFileSystemSynchronizedBuildFileExceptionSet section */
		A10HARNTOOLSEX000000001 /* Exceptions for "Sage/Agent/Execute/Harness/tools" folder in "Sage" target */ = {
			isa = PBXFileSystemSynchronizedBuildFileExceptionSet;
			membershipExceptions = (
				runtimes/apply_patch.swift,
				runtimes/mod.swift,
				runtimes/unified_exec.swift,
				runtimes/unified_exec/launch.swift,
				runtimes/zsh_fork.swift,
				runtimes/zsh_fork/unix_escalation.swift,
			);
			target = 30ACE9D43001EBF5006F8C54 /* Sage */;
		};
		A10INFOEXC00000000000001 /* Exceptions for "Sage" folder in "Sage" target */ = {
			isa = PBXFileSystemSynchronizedBuildFileExceptionSet;
			membershipExceptions = (
				Info.plist,
				Agent/Execute/Harness/agent-roles/src/agent_role_config.swift,
				Agent/Execute/Harness/agent-roles/src/discovery.swift,
				Agent/Execute/Harness/agent-roles/src/lib.swift,
				Agent/Execute/Harness/agent-roles/src/loader.swift,
				Agent/Execute/Harness/context-fragments/src/additional_context.swift,
				Agent/Execute/Harness/context-fragments/src/annotated_content.swift,
				Agent/Execute/Harness/context-fragments/src/answered_question.swift,
				Agent/Execute/Harness/context-fragments/src/fragment.swift,
				Agent/Execute/Harness/context-fragments/src/lib.swift,
				Agent/Execute/Harness/context-fragments/src/recap_prompt.swift,
				Agent/Execute/Harness/hooks/src/lib.swift,
				Agent/Execute/Harness/hooks/src/mcp.swift,
				Agent/Execute/Harness/hooks/src/types.swift,
			);
			target = 30ACE9D43001EBF5006F8C54 /* Sage */;
		};
		A10STATEX000000000000001 /* Exceptions for "Sage/Agent/Execute/Harness/state" folder in "Sage" target */ = {
			isa = PBXFileSystemSynchronizedBuildFileExceptionSet;
			membershipExceptions = (
				src/audit.swift,
				src/extract.swift,
				src/lib.swift,
				src/log_db.swift,
				src/migrations.swift,
				src/model/backfill_state.swift,
				src/model/graph.swift,
				src/model/log.swift,
				src/model/memories.swift,
				src/model/mod.swift,
				src/model/project.swift,
				src/model/queued_item.swift,
				src/model/rollout_migration_state.swift,
				src/model/thread_attachment.swift,
				src/model/thread_goal.swift,
				src/model/thread_metadata.swift,
				src/paths.swift,
				src/runtime.swift,
				src/runtime/backfill.swift,
				src/runtime/external_agent_config_imports.swift,
				src/runtime/goals.swift,
				src/runtime/logs.swift,
				src/runtime/memory_readiness.swift,
				src/runtime/memory_versions.swift,
				src/runtime/projects.swift,
				src/runtime/queued_items.swift,
				src/runtime/recovery.swift,
				src/runtime/remote_control.swift,
				src/runtime/rollout_migration.swift,
				src/runtime/runtime_memories.swift,
				src/runtime/test_support.swift,
				src/runtime/thread_attachments.swift,
				src/runtime/thread_section_order.swift,
				src/runtime/thread_sections.swift,
				src/runtime/threads.swift,
				src/sqlite.swift,
				src/telemetry.swift,
			);
			target = 30ACE9D43001EBF5006F8C54 /* Sage */;
		};
/* End PBXFileSystemSynchronizedBuildFileExceptionSet section */

/* Begin PBXFileSystemSynchronizedRootGroup section */
		30ACE9D73001EBF5006F8C54 /* Sage */ = {
			isa = PBXFileSystemSynchronizedRootGroup;
			exceptions = (
				A10INFOEXC00000000000001 /* Exceptions for "Sage" folder in "Sage" target */,
			);
			path = Sage;
			sourceTree = "<group>";
		};
		A10HARNAPP0000000000001 /* Sage/Agent/Execute/Harness/tools */ = {
			isa = PBXFileSystemSynchronizedRootGroup;
			exceptions = (
				A10HARNTOOLSEX000000001 /* Exceptions for "Sage/Agent/Execute/Harness/tools" folder in "Sage" target */,
			);
			path = Sage/Agent/Execute/Harness/tools;
			sourceTree = "<group>";
		};
		A10HARNAPP0000000000002 /* Sage/Agent/Execute/Harness/tasks */ = {
			isa = PBXFileSystemSynchronizedRootGroup;
			path = Sage/Agent/Execute/Harness/tasks;
			sourceTree = "<group>";
		};
		A10HARNAPP0000000000003 /* Sage/Agent/Execute/Harness/session */ = {
			isa = PBXFileSystemSynchronizedRootGroup;
			path = Sage/Agent/Execute/Harness/session;
			sourceTree = "<group>";
		};
		A10HARNAPP0000000000004 /* Sage/Agent/Execute/Harness/guardian */ = {
			isa = PBXFileSystemSynchronizedRootGroup;
			path = Sage/Agent/Execute/Harness/guardian;
			sourceTree = "<group>";
		};
		A10HARNAPP0000000000005 /* Sage/Agent/Execute/Harness/config */ = {
			isa = PBXFileSystemSynchronizedRootGroup;
			path = Sage/Agent/Execute/Harness/config;
			sourceTree = "<group>";
		};
		A10HARNAPP0000000000006 /* Sage/Agent/Execute/Harness/state */ = {
			isa = PBXFileSystemSynchronizedRootGroup;
			exceptions = (
				A10STATEX000000000000001 /* Exceptions for "Sage/Agent/Execute/Harness/state" folder in "Sage" target */,
			);
			path = Sage/Agent/Execute/Harness/state;
			sourceTree = "<group>";
		};
		A10TESTGROUP000000000001 /* SageTests */ = {
			isa = PBXFileSystemSynchronizedRootGroup;
			path = SageTests;
			sourceTree = "<group>";
		};
/* End PBXFileSystemSynchronizedRootGroup section */

/* Begin PBXFrameworksBuildPhase section */
		30ACE9D23001EBF5006F8C54 /* Frameworks */ = {
			isa = PBXFrameworksBuildPhase;
			buildActionMask = 2147483647;
			files = (
				A10MDENGINE0000000000001 /* MarkdownEngine in Frameworks */,
				A10MARKDOWN00000000000001 /* MarkdownUI in Frameworks */,
				A10GRDB000000000000000001 /* GRDB in Frameworks */,
				A10STSF00000000000000000 /* SwiftTreeSitter in Frameworks */,
				A10TSSWIFTF0000000000000 /* TreeSitterSwift in Frameworks */,
				A10TSPYF0000000000000000 /* TreeSitterPython in Frameworks */,
				A10TSJSF0000000000000000 /* TreeSitterJavaScript in Frameworks */,
				A10TSTSF0000000000000000 /* TreeSitterTypeScript in Frameworks */,
				A10TSRSF0000000000000000 /* TreeSitterRust in Frameworks */,
				A10TSGOF0000000000000000 /* TreeSitterGo in Frameworks */,
				A10TSCF00000000000000000 /* TreeSitterC in Frameworks */,
				A10TSCPPF000000000000000 /* TreeSitterCPP in Frameworks */,
				A10TSJSONF00000000000000 /* TreeSitterJSON in Frameworks */,
				A10TSHTMLF00000000000000 /* TreeSitterHTML in Frameworks */,
				A10TSCSSF000000000000000 /* TreeSitterCSS in Frameworks */,
				A10TSBASHF00000000000000 /* TreeSitterBash in Frameworks */,
				A10TSRBF0000000000000000 /* TreeSitterRuby in Frameworks */,
				A10TSJAVAF00000000000000 /* TreeSitterJava in Frameworks */,
				A10TSKTF0000000000000000 /* TreeSitterKotlin in Frameworks */,
				A10APPLYFRM000000000000001 /* ApplyPatch in Frameworks */,
				A10FSFRM0000000000000001 /* FileSystem in Frameworks */,
				A10RUNTIMFRM00000000000001 /* ToolsRuntimes in Frameworks */,
				A10PROTOFRM0000000000001 /* CodexProtocol in Frameworks */,
				A10UTILSFRM0000000000001 /* CodexUtils in Frameworks */,
				A10GITFRM00000000000001 /* CodexGitUtils in Frameworks */,
				A10ASYNCFRM000000000001 /* CodexAsyncUtils in Frameworks */,
				A10SBOXFRM0000000000001 /* CodexSandboxing in Frameworks */,
				A10SHELLFRM000000000001 /* CodexShellCommand in Frameworks */,
				A10EXECPFRM000000000001 /* CodexExecPolicy in Frameworks */,
				A10COREFRM0000000000001 /* CodexCore in Frameworks */,
				A10APIFRM00000000000001 /* CodexAPI in Frameworks */,
				A10MPIFRM00000000000001 /* CodexModelProviderInfo in Frameworks */,
				A10HISTFRM0000000000001 /* CodexHistory in Frameworks */,
				A10ROLLFRM0000000000001 /* CodexRollout in Frameworks */,
				A10STATFRM0000000000001 /* CodexState in Frameworks */,
				A10THSTFRM0000000000001 /* CodexThreadStore in Frameworks */,
				A10FRAGFRM0000000000001 /* CodexContextFragments in Frameworks */,
				A10ROLEFRM0000000000001 /* CodexAgentRoles in Frameworks */,
				A10HOOKFRM0000000000001 /* CodexHooks in Frameworks */,
			);
			runOnlyForDeploymentPostprocessing = 0;
		};
		A10TESTFRM0000000000001 /* Frameworks */ = {
			isa = PBXFrameworksBuildPhase;
			buildActionMask = 2147483647;
			files = (
				A10APPLYFRMT00000000000001 /* ApplyPatch in Frameworks */,
				A10FSFRMT000000000000001 /* FileSystem in Frameworks */,
				A10PROTOFRMT000000000001 /* CodexProtocol in Frameworks */,
				A10UTILSFRMT000000000001 /* CodexUtils in Frameworks */,
				A10GITFRMT0000000000001 /* CodexGitUtils in Frameworks */,
				A10ASYNCFRMT00000000001 /* CodexAsyncUtils in Frameworks */,
				A10SBOXFRMT000000000001 /* CodexSandboxing in Frameworks */,
				A10SHELLFRMT00000000001 /* CodexShellCommand in Frameworks */,
				A10EXECPFRMT00000000001 /* CodexExecPolicy in Frameworks */,
				A10COREFRMT000000000001 /* CodexCore in Frameworks */,
				A10APIFRMT0000000000001 /* CodexAPI in Frameworks */,
				A10MPIFRMT0000000000001 /* CodexModelProviderInfo in Frameworks */,
				A10HISTFRMT000000000001 /* CodexHistory in Frameworks */,
				A10ROLLFRMT000000000001 /* CodexRollout in Frameworks */,
				A10STATFRMT000000000001 /* CodexState in Frameworks */,
				A10THSTFRMT000000000001 /* CodexThreadStore in Frameworks */,
				A10FRAGFRMT000000000001 /* CodexContextFragments in Frameworks */,
				A10ROLEFRMT000000000001 /* CodexAgentRoles in Frameworks */,
				A10HOOKFRMT000000000001 /* CodexHooks in Frameworks */,
			);
			runOnlyForDeploymentPostprocessing = 0;
		};
/* End PBXFrameworksBuildPhase section */

/* Begin PBXGroup section */
		3092BE5D30675C7A009A038C /* Recovered References */ = {
			isa = PBXGroup;
			children = (
				A10HARNAPP0000000000001 /* Sage/Agent/Execute/Harness/tools */,
				A10HARNAPP0000000000002 /* Sage/Agent/Execute/Harness/tasks */,
				A10HARNAPP0000000000003 /* Sage/Agent/Execute/Harness/session */,
				A10HARNAPP0000000000004 /* Sage/Agent/Execute/Harness/guardian */,
				A10HARNAPP0000000000005 /* Sage/Agent/Execute/Harness/config */,
				A10HARNAPP0000000000006 /* Sage/Agent/Execute/Harness/state */,
			);
			name = "Recovered References";
			sourceTree = "<group>";
		};
		30ACE9CC3001EBF5006F8C54 = {
			isa = PBXGroup;
			children = (
				30ACE9D73001EBF5006F8C54 /* Sage */,
				A10TESTGROUP000000000001 /* SageTests */,
				A10HOOKREF0000000000001 /* Sage/Agent/Execute/Harness/hook_runtime.swift */,
				30ACE9D63001EBF5006F8C54 /* Products */,
				3092BE5D30675C7A009A038C /* Recovered References */,
			);
			sourceTree = "<group>";
		};
		30ACE9D63001EBF5006F8C54 /* Products */ = {
			isa = PBXGroup;
			children = (
				30ACE9D53001EBF5006F8C54 /* Sage.app */,
				A10TESTPROD000000000001 /* SageTests.xctest */,
			);
			name = Products;
			sourceTree = "<group>";
		};
/* End PBXGroup section */

/* Begin PBXNativeTarget section */
		30ACE9D43001EBF5006F8C54 /* Sage */ = {
			isa = PBXNativeTarget;
			buildConfigurationList = 30ACE9E03001EBF6006F8C54 /* Build configuration list for PBXNativeTarget "Sage" */;
			buildPhases = (
				30ACE9D13001EBF5006F8C54 /* Sources */,
				30ACE9D23001EBF5006F8C54 /* Frameworks */,
				30ACE9D33001EBF5006F8C54 /* Resources */,
			);
			buildRules = (
			);
			dependencies = (
			);
			fileSystemSynchronizedGroups = (
				30ACE9D73001EBF5006F8C54 /* Sage */,
				A10HARNAPP0000000000001 /* Sage/Agent/Execute/Harness/tools */,
				A10HARNAPP0000000000002 /* Sage/Agent/Execute/Harness/tasks */,
				A10HARNAPP0000000000003 /* Sage/Agent/Execute/Harness/session */,
				A10HARNAPP0000000000004 /* Sage/Agent/Execute/Harness/guardian */,
				A10HARNAPP0000000000005 /* Sage/Agent/Execute/Harness/config */,
				A10HARNAPP0000000000006 /* Sage/Agent/Execute/Harness/state */,
			);
			name = Sage;
			packageProductDependencies = (
				A10MDENGINE0000000000002 /* MarkdownEngine */,
				A10MARKDOWN00000000000002 /* MarkdownUI */,
				A10GRDB000000000000000002 /* GRDB */,
				A10STSP00000000000000000 /* SwiftTreeSitter */,
				A10TSSWIFTP0000000000000 /* TreeSitterSwift */,
				A10TSPYP0000000000000000 /* TreeSitterPython */,
				A10TSJSP0000000000000000 /* TreeSitterJavaScript */,
				A10TSTSP0000000000000000 /* TreeSitterTypeScript */,
				A10TSRSP0000000000000000 /* TreeSitterRust */,
				A10TSGOP0000000000000000 /* TreeSitterGo */,
				A10TSCP00000000000000000 /* TreeSitterC */,
				A10TSCPPP000000000000000 /* TreeSitterCPP */,
				A10TSJSONP00000000000000 /* TreeSitterJSON */,
				A10TSHTMLP00000000000000 /* TreeSitterHTML */,
				A10TSCSSP000000000000000 /* TreeSitterCSS */,
				A10TSBASHP00000000000000 /* TreeSitterBash */,
				A10TSRBP0000000000000000 /* TreeSitterRuby */,
				A10TSJAVAP00000000000000 /* TreeSitterJava */,
				A10TSKTP0000000000000000 /* TreeSitterKotlin */,
				A10APPLYPROD0000000000001 /* ApplyPatch */,
				A10FSPROD00000000000001 /* FileSystem */,
				A10RUNTIMPROD000000000001 /* ToolsRuntimes */,
				A10PROTOPROD000000000001 /* CodexProtocol */,
				A10UTILSPROD000000000001 /* CodexUtils */,
				A10GITPROD0000000000001 /* CodexGitUtils */,
				A10ASYNCPROD00000000001 /* CodexAsyncUtils */,
				A10SBOXPROD000000000001 /* CodexSandboxing */,
				A10SHELLPROD00000000001 /* CodexShellCommand */,
				A10EXECPPROD00000000001 /* CodexExecPolicy */,
				A10COREPROD000000000001 /* CodexCore */,
				A10APIPROD0000000000001 /* CodexAPI */,
				A10MPIPROD0000000000001 /* CodexModelProviderInfo */,
				A10HISTPROD000000000001 /* CodexHistory */,
				A10ROLLPROD000000000001 /* CodexRollout */,
				A10STATPROD000000000001 /* CodexState */,
				A10THSTPROD000000000001 /* CodexThreadStore */,
				A10FRAGPROD000000000001 /* CodexContextFragments */,
				A10ROLEPROD000000000001 /* CodexAgentRoles */,
				A10HOOKPROD000000000001 /* CodexHooks */,
			);
			productName = Sage;
			productReference = 30ACE9D53001EBF5006F8C54 /* Sage.app */;
			productType = "com.apple.product-type.application";
		};
		A10TESTTARG0000000000001 /* SageTests */ = {
			isa = PBXNativeTarget;
			buildConfigurationList = A10TESTCFGL000000000001 /* Build configuration list for PBXNativeTarget "SageTests" */;
			buildPhases = (
				A10TESTSRC0000000000001 /* Sources */,
				A10TESTFRM0000000000001 /* Frameworks */,
				A10TESTRES0000000000001 /* Resources */,
			);
			buildRules = (
			);
			dependencies = (
				A10TESTDEP0000000000001 /* PBXTargetDependency */,
			);
			fileSystemSynchronizedGroups = (
				A10TESTGROUP000000000001 /* SageTests */,
			);
			name = SageTests;
			packageProductDependencies = (
				A10APPLYPROD0000000000001 /* ApplyPatch */,
				A10FSPROD00000000000001 /* FileSystem */,
				A10PROTOPROD000000000001 /* CodexProtocol */,
				A10UTILSPROD000000000001 /* CodexUtils */,
				A10GITPROD0000000000001 /* CodexGitUtils */,
				A10ASYNCPROD00000000001 /* CodexAsyncUtils */,
				A10SBOXPROD000000000001 /* CodexSandboxing */,
				A10SHELLPROD00000000001 /* CodexShellCommand */,
				A10EXECPPROD00000000001 /* CodexExecPolicy */,
				A10COREPROD000000000001 /* CodexCore */,
				A10APIPROD0000000000001 /* CodexAPI */,
				A10MPIPROD0000000000001 /* CodexModelProviderInfo */,
				A10HISTPROD000000000001 /* CodexHistory */,
				A10ROLLPROD000000000001 /* CodexRollout */,
				A10STATPROD000000000001 /* CodexState */,
				A10THSTPROD000000000001 /* CodexThreadStore */,
				A10FRAGPROD000000000001 /* CodexContextFragments */,
				A10ROLEPROD000000000001 /* CodexAgentRoles */,
				A10HOOKPROD000000000001 /* CodexHooks */,
			);
			productName = SageTests;
			productReference = A10TESTPROD000000000001 /* SageTests.xctest */;
			productType = "com.apple.product-type.bundle.unit-test";
		};
/* End PBXNativeTarget section */

/* Begin PBXProject section */
		30ACE9CD3001EBF5006F8C54 /* Project object */ = {
			isa = PBXProject;
			attributes = {
				BuildIndependentTargetsInParallel = 1;
				LastSwiftUpdateCheck = 2620;
				LastUpgradeCheck = 2660;
				TargetAttributes = {
					30ACE9D43001EBF5006F8C54 = {
						CreatedOnToolsVersion = 26.2;
					};
					A10TESTTARG0000000000001 = {
						CreatedOnToolsVersion = 26.2;
						TestTargetID = 30ACE9D43001EBF5006F8C54;
					};
				};
			};
			buildConfigurationList = 30ACE9D03001EBF5006F8C54 /* Build configuration list for PBXProject "Sage" */;
			developmentRegion = en;
			hasScannedForEncodings = 0;
			knownRegions = (
				en,
				Base,
			);
			mainGroup = 30ACE9CC3001EBF5006F8C54;
			minimizedProjectReferenceProxies = 1;
			packageReferences = (
				A10MDENGINE0000000000003 /* XCLocalSwiftPackageReference "ThirdParty/swift-markdown-engine" */,
				A10MARKDOWN00000000000003 /* XCRemoteSwiftPackageReference "swift-markdown-ui" */,
				A10GRDB000000000000000003 /* XCRemoteSwiftPackageReference "GRDB.swift" */,
				A10STSPKG000000000000000 /* XCRemoteSwiftPackageReference "swift-tree-sitter" */,
				A10TSSWIFTPKG00000000000 /* XCRemoteSwiftPackageReference "tree-sitter-swift" */,
				A10TSPYPKG00000000000000 /* XCLocalSwiftPackageReference "ThirdParty/tree-sitter-python" */,
				A10TSJSPKG00000000000000 /* XCLocalSwiftPackageReference "ThirdParty/tree-sitter-javascript" */,
				A10TSTSPKG00000000000000 /* XCRemoteSwiftPackageReference "tree-sitter-typescript" */,
				A10TSRSPKG00000000000000 /* XCRemoteSwiftPackageReference "tree-sitter-rust" */,
				A10TSGOPKG00000000000000 /* XCRemoteSwiftPackageReference "tree-sitter-go" */,
				A10TSCPKG000000000000000 /* XCRemoteSwiftPackageReference "tree-sitter-c" */,
				A10TSCPPPKG0000000000000 /* XCRemoteSwiftPackageReference "tree-sitter-cpp" */,
				A10TSJSONPKG000000000000 /* XCRemoteSwiftPackageReference "tree-sitter-json" */,
				A10TSHTMLPKG000000000000 /* XCRemoteSwiftPackageReference "tree-sitter-html" */,
				A10TSCSSPKG0000000000000 /* XCLocalSwiftPackageReference "ThirdParty/tree-sitter-css" */,
				A10TSBASHPKG000000000000 /* XCRemoteSwiftPackageReference "tree-sitter-bash" */,
				A10TSRBPKG00000000000000 /* XCRemoteSwiftPackageReference "tree-sitter-ruby" */,
				A10TSJAVAPKG000000000000 /* XCRemoteSwiftPackageReference "tree-sitter-java" */,
				A10TSKTPKG00000000000000 /* XCRemoteSwiftPackageReference "tree-sitter-kotlin" */,
				A10HARNESSPKG0000000000001 /* XCLocalSwiftPackageReference "Sage/Agent/Execute/Harness" */,
			);
			preferredProjectObjectVersion = 77;
			productRefGroup = 30ACE9D63001EBF5006F8C54 /* Products */;
			projectDirPath = "";
			projectRoot = "";
			targets = (
				30ACE9D43001EBF5006F8C54 /* Sage */,
				A10TESTTARG0000000000001 /* SageTests */,
			);
		};
/* End PBXProject section */

/* Begin PBXResourcesBuildPhase section */
		30ACE9D33001EBF5006F8C54 /* Resources */ = {
			isa = PBXResourcesBuildPhase;
			buildActionMask = 2147483647;
			files = (
			);
			runOnlyForDeploymentPostprocessing = 0;
		};
		A10TESTRES0000000000001 /* Resources */ = {
			isa = PBXResourcesBuildPhase;
			buildActionMask = 2147483647;
			files = (
			);
			runOnlyForDeploymentPostprocessing = 0;
		};
/* End PBXResourcesBuildPhase section */

/* Begin PBXSourcesBuildPhase section */
		30ACE9D13001EBF5006F8C54 /* Sources */ = {
			isa = PBXSourcesBuildPhase;
			buildActionMask = 2147483647;
			files = (
				A10HOOKBLD0000000000001 /* Sage/Agent/Execute/Harness/hook_runtime.swift in Sources */,
			);
			runOnlyForDeploymentPostprocessing = 0;
		};
		A10TESTSRC0000000000001 /* Sources */ = {
			isa = PBXSourcesBuildPhase;
			buildActionMask = 2147483647;
			files = (
			);
			runOnlyForDeploymentPostprocessing = 0;
		};
/* End PBXSourcesBuildPhase section */

/* Begin PBXTargetDependency section */
		A10TESTDEP0000000000001 /* PBXTargetDependency */ = {
			isa = PBXTargetDependency;
			target = 30ACE9D43001EBF5006F8C54 /* Sage */;
			targetProxy = A10TESTPRX0000000000001 /* PBXContainerItemProxy */;
		};
/* End PBXTargetDependency section */

/* Begin XCBuildConfiguration section */
		30ACE9DE3001EBF6006F8C54 /* Debug */ = {
			isa = XCBuildConfiguration;
			buildSettings = {
				ALWAYS_SEARCH_USER_PATHS = NO;
				ASSETCATALOG_COMPILER_GENERATE_SWIFT_ASSET_SYMBOL_EXTENSIONS = YES;
				CLANG_ANALYZER_NONNULL = YES;
				CLANG_ANALYZER_NUMBER_OBJECT_CONVERSION = YES_AGGRESSIVE;
				CLANG_CXX_LANGUAGE_STANDARD = "gnu++20";
				CLANG_ENABLE_MODULES = YES;
				CLANG_ENABLE_OBJC_ARC = YES;
				CLANG_ENABLE_OBJC_WEAK = YES;
				CLANG_WARN_BLOCK_CAPTURE_AUTORELEASING = YES;
				CLANG_WARN_BOOL_CONVERSION = YES;
				CLANG_WARN_COMMA = YES;
				CLANG_WARN_CONSTANT_CONVERSION = YES;
				CLANG_WARN_DEPRECATED_OBJC_IMPLEMENTATIONS = YES;
				CLANG_WARN_DIRECT_OBJC_ISA_USAGE = YES_ERROR;
				CLANG_WARN_DOCUMENTATION_COMMENTS = YES;
				CLANG_WARN_EMPTY_BODY = YES;
				CLANG_WARN_ENUM_CONVERSION = YES;
				CLANG_WARN_INFINITE_RECURSION = YES;
				CLANG_WARN_INT_CONVERSION = YES;
				CLANG_WARN_NON_LITERAL_NULL_CONVERSION = YES;
				CLANG_WARN_OBJC_IMPLICIT_RETAIN_SELF = YES;
				CLANG_WARN_OBJC_LITERAL_CONVERSION = YES;
				CLANG_WARN_OBJC_ROOT_CLASS = YES_ERROR;
				CLANG_WARN_QUOTED_INCLUDE_IN_FRAMEWORK_HEADER = YES;
				CLANG_WARN_RANGE_LOOP_ANALYSIS = YES;
				CLANG_WARN_STRICT_PROTOTYPES = YES;
				CLANG_WARN_SUSPICIOUS_MOVE = YES;
				CLANG_WARN_UNGUARDED_AVAILABILITY = YES_AGGRESSIVE;
				CLANG_WARN_UNREACHABLE_CODE = YES;
				CLANG_WARN__DUPLICATE_METHOD_MATCH = YES;
				COPY_PHASE_STRIP = NO;
				DEAD_CODE_STRIPPING = YES;
				DEBUG_INFORMATION_FORMAT = dwarf;
				ENABLE_STRICT_OBJC_MSGSEND = YES;
				ENABLE_TESTABILITY = YES;
				ENABLE_USER_SCRIPT_SANDBOXING = YES;
				GCC_C_LANGUAGE_STANDARD = gnu17;
				GCC_DYNAMIC_NO_PIC = NO;
				GCC_NO_COMMON_BLOCKS = YES;
				GCC_OPTIMIZATION_LEVEL = 0;
				GCC_PREPROCESSOR_DEFINITIONS = (
					"DEBUG=1",
					"$(inherited)",
				);
				GCC_WARN_64_TO_32_BIT_CONVERSION = YES;
				GCC_WARN_ABOUT_RETURN_TYPE = YES_ERROR;
				GCC_WARN_UNDECLARED_SELECTOR = YES;
				GCC_WARN_UNINITIALIZED_AUTOS = YES_AGGRESSIVE;
				GCC_WARN_UNUSED_FUNCTION = YES;
				GCC_WARN_UNUSED_VARIABLE = YES;
				LOCALIZATION_PREFERS_STRING_CATALOGS = YES;
				MACOSX_DEPLOYMENT_TARGET = 26.2;
				MTL_ENABLE_DEBUG_INFO = INCLUDE_SOURCE;
				MTL_FAST_MATH = YES;
				ONLY_ACTIVE_ARCH = YES;
				SDKROOT = macosx;
				STRING_CATALOG_GENERATE_SYMBOLS = YES;
				SWIFT_ACTIVE_COMPILATION_CONDITIONS = "DEBUG $(inherited)";
				SWIFT_OPTIMIZATION_LEVEL = "-Onone";
			};
			name = Debug;
		};
		30ACE9DF3001EBF6006F8C54 /* Release */ = {
			isa = XCBuildConfiguration;
			buildSettings = {
				ALWAYS_SEARCH_USER_PATHS = NO;
				ASSETCATALOG_COMPILER_GENERATE_SWIFT_ASSET_SYMBOL_EXTENSIONS = YES;
				CLANG_ANALYZER_NONNULL = YES;
				CLANG_ANALYZER_NUMBER_OBJECT_CONVERSION = YES_AGGRESSIVE;
				CLANG_CXX_LANGUAGE_STANDARD = "gnu++20";
				CLANG_ENABLE_MODULES = YES;
				CLANG_ENABLE_OBJC_ARC = YES;
				CLANG_ENABLE_OBJC_WEAK = YES;
				CLANG_WARN_BLOCK_CAPTURE_AUTORELEASING = YES;
				CLANG_WARN_BOOL_CONVERSION = YES;
				CLANG_WARN_COMMA = YES;
				CLANG_WARN_CONSTANT_CONVERSION = YES;
				CLANG_WARN_DEPRECATED_OBJC_IMPLEMENTATIONS = YES;
				CLANG_WARN_DIRECT_OBJC_ISA_USAGE = YES_ERROR;
				CLANG_WARN_DOCUMENTATION_COMMENTS = YES;
				CLANG_WARN_EMPTY_BODY = YES;
				CLANG_WARN_ENUM_CONVERSION = YES;
				CLANG_WARN_INFINITE_RECURSION = YES;
				CLANG_WARN_INT_CONVERSION = YES;
				CLANG_WARN_NON_LITERAL_NULL_CONVERSION = YES;
				CLANG_WARN_OBJC_IMPLICIT_RETAIN_SELF = YES;
				CLANG_WARN_OBJC_LITERAL_CONVERSION = YES;
				CLANG_WARN_OBJC_ROOT_CLASS = YES_ERROR;
				CLANG_WARN_QUOTED_INCLUDE_IN_FRAMEWORK_HEADER = YES;
				CLANG_WARN_RANGE_LOOP_ANALYSIS = YES;
				CLANG_WARN_STRICT_PROTOTYPES = YES;
				CLANG_WARN_SUSPICIOUS_MOVE = YES;
				CLANG_WARN_UNGUARDED_AVAILABILITY = YES_AGGRESSIVE;
				CLANG_WARN_UNREACHABLE_CODE = YES;
				CLANG_WARN__DUPLICATE_METHOD_MATCH = YES;
				COPY_PHASE_STRIP = NO;
				DEAD_CODE_STRIPPING = YES;
				DEBUG_INFORMATION_FORMAT = "dwarf-with-dsym";
				ENABLE_NS_ASSERTIONS = NO;
				ENABLE_STRICT_OBJC_MSGSEND = YES;
				ENABLE_USER_SCRIPT_SANDBOXING = YES;
				GCC_C_LANGUAGE_STANDARD = gnu17;
				GCC_NO_COMMON_BLOCKS = YES;
				GCC_WARN_64_TO_32_BIT_CONVERSION = YES;
				GCC_WARN_ABOUT_RETURN_TYPE = YES_ERROR;
				GCC_WARN_UNDECLARED_SELECTOR = YES;
				GCC_WARN_UNINITIALIZED_AUTOS = YES_AGGRESSIVE;
				GCC_WARN_UNUSED_FUNCTION = YES;
				GCC_WARN_UNUSED_VARIABLE = YES;
				LOCALIZATION_PREFERS_STRING_CATALOGS = YES;
				MACOSX_DEPLOYMENT_TARGET = 26.2;
				MTL_ENABLE_DEBUG_INFO = NO;
				MTL_FAST_MATH = YES;
				SDKROOT = macosx;
				STRING_CATALOG_GENERATE_SYMBOLS = YES;
				SWIFT_COMPILATION_MODE = wholemodule;
			};
			name = Release;
		};
		30ACE9E13001EBF6006F8C54 /* Debug */ = {
			isa = XCBuildConfiguration;
			buildSettings = {
				ASSETCATALOG_COMPILER_APPICON_NAME = AppIcon;
				ASSETCATALOG_COMPILER_GLOBAL_ACCENT_COLOR_NAME = AccentColor;
				CODE_SIGN_STYLE = Automatic;
				COMBINE_HIDPI_IMAGES = YES;
				CURRENT_PROJECT_VERSION = 1;
				DEAD_CODE_STRIPPING = YES;
				ENABLE_APP_SANDBOX = NO;
				ENABLE_HARDENED_RUNTIME = YES;
				ENABLE_PREVIEWS = YES;
				GENERATE_INFOPLIST_FILE = YES;
				INFOPLIST_FILE = Sage/Info.plist;
				INFOPLIST_KEY_LSUIElement = YES;
				INFOPLIST_KEY_NSHumanReadableCopyright = "";
				INFOPLIST_KEY_NSUserNotificationAlertStyle = alert;
				LD_RUNPATH_SEARCH_PATHS = (
					"$(inherited)",
					"@executable_path/../Frameworks",
				);
				MARKETING_VERSION = 1.0;
				PRODUCT_BUNDLE_IDENTIFIER = mozheng.Sage;
				PRODUCT_NAME = "$(TARGET_NAME)";
				REGISTER_APP_GROUPS = YES;
				STRING_CATALOG_GENERATE_SYMBOLS = YES;
				SWIFT_APPROACHABLE_CONCURRENCY = YES;
				SWIFT_DEFAULT_ACTOR_ISOLATION = MainActor;
				SWIFT_EMIT_LOC_STRINGS = YES;
				SWIFT_UPCOMING_FEATURE_MEMBER_IMPORT_VISIBILITY = YES;
				SWIFT_VERSION = 5.0;
			};
			name = Debug;
		};
		30ACE9E23001EBF6006F8C54 /* Release */ = {
			isa = XCBuildConfiguration;
			buildSettings = {
				ASSETCATALOG_COMPILER_APPICON_NAME = AppIcon;
				ASSETCATALOG_COMPILER_GLOBAL_ACCENT_COLOR_NAME = AccentColor;
				CODE_SIGN_STYLE = Automatic;
				COMBINE_HIDPI_IMAGES = YES;
				CURRENT_PROJECT_VERSION = 1;
				DEAD_CODE_STRIPPING = YES;
				ENABLE_APP_SANDBOX = NO;
				ENABLE_HARDENED_RUNTIME = YES;
				ENABLE_PREVIEWS = YES;
				GENERATE_INFOPLIST_FILE = YES;
				INFOPLIST_FILE = Sage/Info.plist;
				INFOPLIST_KEY_LSUIElement = YES;
				INFOPLIST_KEY_NSHumanReadableCopyright = "";
				INFOPLIST_KEY_NSUserNotificationAlertStyle = alert;
				LD_RUNPATH_SEARCH_PATHS = (
					"$(inherited)",
					"@executable_path/../Frameworks",
				);
				MARKETING_VERSION = 1.0;
				PRODUCT_BUNDLE_IDENTIFIER = mozheng.Sage;
				PRODUCT_NAME = "$(TARGET_NAME)";
				REGISTER_APP_GROUPS = YES;
				STRING_CATALOG_GENERATE_SYMBOLS = YES;
				SWIFT_APPROACHABLE_CONCURRENCY = YES;
				SWIFT_DEFAULT_ACTOR_ISOLATION = MainActor;
				SWIFT_EMIT_LOC_STRINGS = YES;
				SWIFT_UPCOMING_FEATURE_MEMBER_IMPORT_VISIBILITY = YES;
				SWIFT_VERSION = 5.0;
			};
			name = Release;
		};
		A10TESTDBG0000000000001 /* Debug */ = {
			isa = XCBuildConfiguration;
			buildSettings = {
				BUNDLE_LOADER = "$(TEST_HOST)";
				CODE_SIGN_STYLE = Automatic;
				CURRENT_PROJECT_VERSION = 1;
				DEAD_CODE_STRIPPING = YES;
				GENERATE_INFOPLIST_FILE = YES;
				MACOSX_DEPLOYMENT_TARGET = 26.2;
				MARKETING_VERSION = 1.0;
				PRODUCT_BUNDLE_IDENTIFIER = mozheng.SageTests;
				PRODUCT_NAME = "$(TARGET_NAME)";
				SWIFT_APPROACHABLE_CONCURRENCY = YES;
				SWIFT_DEFAULT_ACTOR_ISOLATION = MainActor;
				SWIFT_EMIT_LOC_STRINGS = NO;
				SWIFT_UPCOMING_FEATURE_MEMBER_IMPORT_VISIBILITY = YES;
				SWIFT_VERSION = 5.0;
				TEST_HOST = "$(BUILT_PRODUCTS_DIR)/Sage.app/Contents/MacOS/Sage";
			};
			name = Debug;
		};
		A10TESTREL0000000000001 /* Release */ = {
			isa = XCBuildConfiguration;
			buildSettings = {
				BUNDLE_LOADER = "$(TEST_HOST)";
				CODE_SIGN_STYLE = Automatic;
				CURRENT_PROJECT_VERSION = 1;
				DEAD_CODE_STRIPPING = YES;
				GENERATE_INFOPLIST_FILE = YES;
				MACOSX_DEPLOYMENT_TARGET = 26.2;
				MARKETING_VERSION = 1.0;
				PRODUCT_BUNDLE_IDENTIFIER = mozheng.SageTests;
				PRODUCT_NAME = "$(TARGET_NAME)";
				SWIFT_APPROACHABLE_CONCURRENCY = YES;
				SWIFT_DEFAULT_ACTOR_ISOLATION = MainActor;
				SWIFT_EMIT_LOC_STRINGS = NO;
				SWIFT_UPCOMING_FEATURE_MEMBER_IMPORT_VISIBILITY = YES;
				SWIFT_VERSION = 5.0;
				TEST_HOST = "$(BUILT_PRODUCTS_DIR)/Sage.app/Contents/MacOS/Sage";
			};
			name = Release;
		};
/* End XCBuildConfiguration section */

/* Begin XCConfigurationList section */
		30ACE9D03001EBF5006F8C54 /* Build configuration list for PBXProject "Sage" */ = {
			isa = XCConfigurationList;
			buildConfigurations = (
				30ACE9DE3001EBF6006F8C54 /* Debug */,
				30ACE9DF3001EBF6006F8C54 /* Release */,
			);
			defaultConfigurationIsVisible = 0;
			defaultConfigurationName = Release;
		};
		30ACE9E03001EBF6006F8C54 /* Build configuration list for PBXNativeTarget "Sage" */ = {
			isa = XCConfigurationList;
			buildConfigurations = (
				30ACE9E13001EBF6006F8C54 /* Debug */,
				30ACE9E23001EBF6006F8C54 /* Release */,
			);
			defaultConfigurationIsVisible = 0;
			defaultConfigurationName = Release;
		};
		A10TESTCFGL000000000001 /* Build configuration list for PBXNativeTarget "SageTests" */ = {
			isa = XCConfigurationList;
			buildConfigurations = (
				A10TESTDBG0000000000001 /* Debug */,
				A10TESTREL0000000000001 /* Release */,
			);
			defaultConfigurationIsVisible = 0;
			defaultConfigurationName = Release;
		};
/* End XCConfigurationList section */

/* Begin XCLocalSwiftPackageReference section */
		A10HARNESSPKG0000000000001 /* XCLocalSwiftPackageReference "Sage/Agent/Execute/Harness" */ = {
			isa = XCLocalSwiftPackageReference;
			relativePath = Sage/Agent/Execute/Harness;
		};
		A10MDENGINE0000000000003 /* XCLocalSwiftPackageReference "ThirdParty/swift-markdown-engine" */ = {
			isa = XCLocalSwiftPackageReference;
			relativePath = "ThirdParty/swift-markdown-engine";
		};
		A10TSCSSPKG0000000000000 /* XCLocalSwiftPackageReference "ThirdParty/tree-sitter-css" */ = {
			isa = XCLocalSwiftPackageReference;
			relativePath = "ThirdParty/tree-sitter-css";
		};
		A10TSJSPKG00000000000000 /* XCLocalSwiftPackageReference "ThirdParty/tree-sitter-javascript" */ = {
			isa = XCLocalSwiftPackageReference;
			relativePath = "ThirdParty/tree-sitter-javascript";
		};
		A10TSPYPKG00000000000000 /* XCLocalSwiftPackageReference "ThirdParty/tree-sitter-python" */ = {
			isa = XCLocalSwiftPackageReference;
			relativePath = "ThirdParty/tree-sitter-python";
		};
/* End XCLocalSwiftPackageReference section */

/* Begin XCRemoteSwiftPackageReference section */
		A10GRDB000000000000000003 /* XCRemoteSwiftPackageReference "GRDB.swift" */ = {
			isa = XCRemoteSwiftPackageReference;
			repositoryURL = "https://github.com/groue/GRDB.swift.git";
			requirement = {
				kind = upToNextMajorVersion;
				minimumVersion = 7.11.1;
			};
		};
		A10MARKDOWN00000000000003 /* XCRemoteSwiftPackageReference "swift-markdown-ui" */ = {
			isa = XCRemoteSwiftPackageReference;
			repositoryURL = "https://github.com/gonzalezreal/swift-markdown-ui.git";
			requirement = {
				kind = upToNextMajorVersion;
				minimumVersion = 2.4.1;
			};
		};
		A10STSPKG000000000000000 /* XCRemoteSwiftPackageReference "swift-tree-sitter" */ = {
			isa = XCRemoteSwiftPackageReference;
			repositoryURL = "https://github.com/tree-sitter/swift-tree-sitter";
			requirement = {
				kind = upToNextMajorVersion;
				minimumVersion = 0.9.0;
			};
		};
		A10TSBASHPKG000000000000 /* XCRemoteSwiftPackageReference "tree-sitter-bash" */ = {
			isa = XCRemoteSwiftPackageReference;
			repositoryURL = "https://github.com/tree-sitter/tree-sitter-bash";
			requirement = {
				kind = upToNextMajorVersion;
				minimumVersion = 0.23.0;
			};
		};
		A10TSCPKG000000000000000 /* XCRemoteSwiftPackageReference "tree-sitter-c" */ = {
			isa = XCRemoteSwiftPackageReference;
			repositoryURL = "https://github.com/tree-sitter/tree-sitter-c";
			requirement = {
				kind = upToNextMajorVersion;
				minimumVersion = 0.24.0;
			};
		};
		A10TSCPPPKG0000000000000 /* XCRemoteSwiftPackageReference "tree-sitter-cpp" */ = {
			isa = XCRemoteSwiftPackageReference;
			repositoryURL = "https://github.com/tree-sitter/tree-sitter-cpp";
			requirement = {
				kind = upToNextMajorVersion;
				minimumVersion = 0.23.0;
			};
		};
		A10TSGOPKG00000000000000 /* XCRemoteSwiftPackageReference "tree-sitter-go" */ = {
			isa = XCRemoteSwiftPackageReference;
			repositoryURL = "https://github.com/tree-sitter/tree-sitter-go";
			requirement = {
				kind = upToNextMajorVersion;
				minimumVersion = 0.23.0;
			};
		};
		A10TSHTMLPKG000000000000 /* XCRemoteSwiftPackageReference "tree-sitter-html" */ = {
			isa = XCRemoteSwiftPackageReference;
			repositoryURL = "https://github.com/tree-sitter/tree-sitter-html";
			requirement = {
				kind = upToNextMajorVersion;
				minimumVersion = 0.23.0;
			};
		};
		A10TSJAVAPKG000000000000 /* XCRemoteSwiftPackageReference "tree-sitter-java" */ = {
			isa = XCRemoteSwiftPackageReference;
			repositoryURL = "https://github.com/tree-sitter/tree-sitter-java";
			requirement = {
				kind = upToNextMajorVersion;
				minimumVersion = 0.23.0;
			};
		};
		A10TSJSONPKG000000000000 /* XCRemoteSwiftPackageReference "tree-sitter-json" */ = {
			isa = XCRemoteSwiftPackageReference;
			repositoryURL = "https://github.com/tree-sitter/tree-sitter-json";
			requirement = {
				kind = upToNextMajorVersion;
				minimumVersion = 0.24.0;
			};
		};
		A10TSKTPKG00000000000000 /* XCRemoteSwiftPackageReference "tree-sitter-kotlin" */ = {
			isa = XCRemoteSwiftPackageReference;
			repositoryURL = "https://github.com/fwcd/tree-sitter-kotlin";
			requirement = {
				kind = upToNextMajorVersion;
				minimumVersion = 0.3.6;
			};
		};
		A10TSRBPKG00000000000000 /* XCRemoteSwiftPackageReference "tree-sitter-ruby" */ = {
			isa = XCRemoteSwiftPackageReference;
			repositoryURL = "https://github.com/tree-sitter/tree-sitter-ruby";
			requirement = {
				kind = upToNextMajorVersion;
				minimumVersion = 0.23.0;
			};
		};
		A10TSRSPKG00000000000000 /* XCRemoteSwiftPackageReference "tree-sitter-rust" */ = {
			isa = XCRemoteSwiftPackageReference;
			repositoryURL = "https://github.com/tree-sitter/tree-sitter-rust";
			requirement = {
				kind = upToNextMajorVersion;
				minimumVersion = 0.24.0;
			};
		};
		A10TSSWIFTPKG00000000000 /* XCRemoteSwiftPackageReference "tree-sitter-swift" */ = {
			isa = XCRemoteSwiftPackageReference;
			repositoryURL = "https://github.com/alex-pinkus/tree-sitter-swift";
			requirement = {
				kind = exactVersion;
				version = "0.7.3-with-generated-files";
			};
		};
		A10TSTSPKG00000000000000 /* XCRemoteSwiftPackageReference "tree-sitter-typescript" */ = {
			isa = XCRemoteSwiftPackageReference;
			repositoryURL = "https://github.com/tree-sitter/tree-sitter-typescript";
			requirement = {
				kind = upToNextMajorVersion;
				minimumVersion = 0.23.0;
			};
		};
/* End XCRemoteSwiftPackageReference section */

/* Begin XCSwiftPackageProductDependency section */
		A10APIPROD0000000000001 /* CodexAPI */ = {
			isa = XCSwiftPackageProductDependency;
			package = A10HARNESSPKG0000000000001 /* XCLocalSwiftPackageReference "Sage/Agent/Execute/Harness" */;
			productName = CodexAPI;
		};
		A10APPLYPROD0000000000001 /* ApplyPatch */ = {
			isa = XCSwiftPackageProductDependency;
			package = A10HARNESSPKG0000000000001 /* XCLocalSwiftPackageReference "Sage/Agent/Execute/Harness" */;
			productName = ApplyPatch;
		};
		A10ASYNCPROD00000000001 /* CodexAsyncUtils */ = {
			isa = XCSwiftPackageProductDependency;
			package = A10HARNESSPKG0000000000001 /* XCLocalSwiftPackageReference "Sage/Agent/Execute/Harness" */;
			productName = CodexAsyncUtils;
		};
		A10COREPROD000000000001 /* CodexCore */ = {
			isa = XCSwiftPackageProductDependency;
			package = A10HARNESSPKG0000000000001 /* XCLocalSwiftPackageReference "Sage/Agent/Execute/Harness" */;
			productName = CodexCore;
		};
		A10EXECPPROD00000000001 /* CodexExecPolicy */ = {
			isa = XCSwiftPackageProductDependency;
			package = A10HARNESSPKG0000000000001 /* XCLocalSwiftPackageReference "Sage/Agent/Execute/Harness" */;
			productName = CodexExecPolicy;
		};
		A10FSPROD00000000000001 /* FileSystem */ = {
			isa = XCSwiftPackageProductDependency;
			package = A10HARNESSPKG0000000000001 /* XCLocalSwiftPackageReference "Sage/Agent/Execute/Harness" */;
			productName = FileSystem;
		};
		A10GITPROD0000000000001 /* CodexGitUtils */ = {
			isa = XCSwiftPackageProductDependency;
			package = A10HARNESSPKG0000000000001 /* XCLocalSwiftPackageReference "Sage/Agent/Execute/Harness" */;
			productName = CodexGitUtils;
		};
		A10GRDB000000000000000002 /* GRDB */ = {
			isa = XCSwiftPackageProductDependency;
			package = A10GRDB000000000000000003 /* XCRemoteSwiftPackageReference "GRDB.swift" */;
			productName = GRDB;
		};
		A10HISTPROD000000000001 /* CodexHistory */ = {
			isa = XCSwiftPackageProductDependency;
			package = A10HARNESSPKG0000000000001 /* XCLocalSwiftPackageReference "Sage/Agent/Execute/Harness" */;
			productName = CodexHistory;
		};
		A10MARKDOWN00000000000002 /* MarkdownUI */ = {
			isa = XCSwiftPackageProductDependency;
			package = A10MARKDOWN00000000000003 /* XCRemoteSwiftPackageReference "swift-markdown-ui" */;
			productName = MarkdownUI;
		};
		A10MDENGINE0000000000002 /* MarkdownEngine */ = {
			isa = XCSwiftPackageProductDependency;
			package = A10MDENGINE0000000000003 /* XCLocalSwiftPackageReference "ThirdParty/swift-markdown-engine" */;
			productName = MarkdownEngine;
		};
		A10MPIPROD0000000000001 /* CodexModelProviderInfo */ = {
			isa = XCSwiftPackageProductDependency;
			package = A10HARNESSPKG0000000000001 /* XCLocalSwiftPackageReference "Sage/Agent/Execute/Harness" */;
			productName = CodexModelProviderInfo;
		};
		A10PROTOPROD000000000001 /* CodexProtocol */ = {
			isa = XCSwiftPackageProductDependency;
			package = A10HARNESSPKG0000000000001 /* XCLocalSwiftPackageReference "Sage/Agent/Execute/Harness" */;
			productName = CodexProtocol;
		};
		A10ROLLPROD000000000001 /* CodexRollout */ = {
			isa = XCSwiftPackageProductDependency;
			package = A10HARNESSPKG0000000000001 /* XCLocalSwiftPackageReference "Sage/Agent/Execute/Harness" */;
			productName = CodexRollout;
		};
		A10RUNTIMPROD000000000001 /* ToolsRuntimes */ = {
			isa = XCSwiftPackageProductDependency;
			package = A10HARNESSPKG0000000000001 /* XCLocalSwiftPackageReference "Sage/Agent/Execute/Harness" */;
			productName = ToolsRuntimes;
		};
		A10SBOXPROD000000000001 /* CodexSandboxing */ = {
			isa = XCSwiftPackageProductDependency;
			package = A10HARNESSPKG0000000000001 /* XCLocalSwiftPackageReference "Sage/Agent/Execute/Harness" */;
			productName = CodexSandboxing;
		};
		A10SHELLPROD00000000001 /* CodexShellCommand */ = {
			isa = XCSwiftPackageProductDependency;
			package = A10HARNESSPKG0000000000001 /* XCLocalSwiftPackageReference "Sage/Agent/Execute/Harness" */;
			productName = CodexShellCommand;
		};
		A10STATPROD000000000001 /* CodexState */ = {
			isa = XCSwiftPackageProductDependency;
			package = A10HARNESSPKG0000000000001 /* XCLocalSwiftPackageReference "Sage/Agent/Execute/Harness" */;
			productName = CodexState;
		};
		A10STSP00000000000000000 /* SwiftTreeSitter */ = {
			isa = XCSwiftPackageProductDependency;
			package = A10STSPKG000000000000000 /* XCRemoteSwiftPackageReference "swift-tree-sitter" */;
			productName = SwiftTreeSitter;
		};
		A10THSTPROD000000000001 /* CodexThreadStore */ = {
			isa = XCSwiftPackageProductDependency;
			package = A10HARNESSPKG0000000000001 /* XCLocalSwiftPackageReference "Sage/Agent/Execute/Harness" */;
			productName = CodexThreadStore;
		};
		A10FRAGPROD000000000001 /* CodexContextFragments */ = {
			isa = XCSwiftPackageProductDependency;
			package = A10HARNESSPKG0000000000001 /* XCLocalSwiftPackageReference "Sage/Agent/Execute/Harness" */;
			productName = CodexContextFragments;
		};
		A10ROLEPROD000000000001 /* CodexAgentRoles */ = {
			isa = XCSwiftPackageProductDependency;
			package = A10HARNESSPKG0000000000001 /* XCLocalSwiftPackageReference "Sage/Agent/Execute/Harness" */;
			productName = CodexAgentRoles;
		};
		A10HOOKPROD000000000001 /* CodexHooks */ = {
			isa = XCSwiftPackageProductDependency;
			package = A10HARNESSPKG0000000000001 /* XCLocalSwiftPackageReference "Sage/Agent/Execute/Harness" */;
			productName = CodexHooks;
		};
		A10TSBASHP00000000000000 /* TreeSitterBash */ = {
			isa = XCSwiftPackageProductDependency;
			package = A10TSBASHPKG000000000000 /* XCRemoteSwiftPackageReference "tree-sitter-bash" */;
			productName = TreeSitterBash;
		};
		A10TSCP00000000000000000 /* TreeSitterC */ = {
			isa = XCSwiftPackageProductDependency;
			package = A10TSCPKG000000000000000 /* XCRemoteSwiftPackageReference "tree-sitter-c" */;
			productName = TreeSitterC;
		};
		A10TSCPPP000000000000000 /* TreeSitterCPP */ = {
			isa = XCSwiftPackageProductDependency;
			package = A10TSCPPPKG0000000000000 /* XCRemoteSwiftPackageReference "tree-sitter-cpp" */;
			productName = TreeSitterCPP;
		};
		A10TSCSSP000000000000000 /* TreeSitterCSS */ = {
			isa = XCSwiftPackageProductDependency;
			package = A10TSCSSPKG0000000000000 /* XCLocalSwiftPackageReference "ThirdParty/tree-sitter-css" */;
			productName = TreeSitterCSS;
		};
		A10TSGOP0000000000000000 /* TreeSitterGo */ = {
			isa = XCSwiftPackageProductDependency;
			package = A10TSGOPKG00000000000000 /* XCRemoteSwiftPackageReference "tree-sitter-go" */;
			productName = TreeSitterGo;
		};
		A10TSHTMLP00000000000000 /* TreeSitterHTML */ = {
			isa = XCSwiftPackageProductDependency;
			package = A10TSHTMLPKG000000000000 /* XCRemoteSwiftPackageReference "tree-sitter-html" */;
			productName = TreeSitterHTML;
		};
		A10TSJAVAP00000000000000 /* TreeSitterJava */ = {
			isa = XCSwiftPackageProductDependency;
			package = A10TSJAVAPKG000000000000 /* XCRemoteSwiftPackageReference "tree-sitter-java" */;
			productName = TreeSitterJava;
		};
		A10TSJSONP00000000000000 /* TreeSitterJSON */ = {
			isa = XCSwiftPackageProductDependency;
			package = A10TSJSONPKG000000000000 /* XCRemoteSwiftPackageReference "tree-sitter-json" */;
			productName = TreeSitterJSON;
		};
		A10TSJSP0000000000000000 /* TreeSitterJavaScript */ = {
			isa = XCSwiftPackageProductDependency;
			package = A10TSJSPKG00000000000000 /* XCLocalSwiftPackageReference "ThirdParty/tree-sitter-javascript" */;
			productName = TreeSitterJavaScript;
		};
		A10TSKTP0000000000000000 /* TreeSitterKotlin */ = {
			isa = XCSwiftPackageProductDependency;
			package = A10TSKTPKG00000000000000 /* XCRemoteSwiftPackageReference "tree-sitter-kotlin" */;
			productName = TreeSitterKotlin;
		};
		A10TSPYP0000000000000000 /* TreeSitterPython */ = {
			isa = XCSwiftPackageProductDependency;
			package = A10TSPYPKG00000000000000 /* XCLocalSwiftPackageReference "ThirdParty/tree-sitter-python" */;
			productName = TreeSitterPython;
		};
		A10TSRBP0000000000000000 /* TreeSitterRuby */ = {
			isa = XCSwiftPackageProductDependency;
			package = A10TSRBPKG00000000000000 /* XCRemoteSwiftPackageReference "tree-sitter-ruby" */;
			productName = TreeSitterRuby;
		};
		A10TSRSP0000000000000000 /* TreeSitterRust */ = {
			isa = XCSwiftPackageProductDependency;
			package = A10TSRSPKG00000000000000 /* XCRemoteSwiftPackageReference "tree-sitter-rust" */;
			productName = TreeSitterRust;
		};
		A10TSSWIFTP0000000000000 /* TreeSitterSwift */ = {
			isa = XCSwiftPackageProductDependency;
			package = A10TSSWIFTPKG00000000000 /* XCRemoteSwiftPackageReference "tree-sitter-swift" */;
			productName = TreeSitterSwift;
		};
		A10TSTSP0000000000000000 /* TreeSitterTypeScript */ = {
			isa = XCSwiftPackageProductDependency;
			package = A10TSTSPKG00000000000000 /* XCRemoteSwiftPackageReference "tree-sitter-typescript" */;
			productName = TreeSitterTypeScript;
		};
		A10UTILSPROD000000000001 /* CodexUtils */ = {
			isa = XCSwiftPackageProductDependency;
			package = A10HARNESSPKG0000000000001 /* XCLocalSwiftPackageReference "Sage/Agent/Execute/Harness" */;
			productName = CodexUtils;
		};
/* End XCSwiftPackageProductDependency section */
	};
	rootObject = 30ACE9CD3001EBF5006F8C54 /* Project object */;
}
