// !$*UTF8*$!
{
	archiveVersion = 1;
	classes = {
	};
	objectVersion = 77;
	objects = {

/* Begin PBXBuildFile section */
		A10GRDB000000000000000001 /* GRDB in Frameworks */ = {isa = PBXBuildFile; productRef = A10GRDB000000000000000002 /* GRDB */; };
		A10MARKDOWN00000000000001 /* MarkdownUI in Frameworks */ = {isa = PBXBuildFile; productRef = A10MARKDOWN00000000000002 /* MarkdownUI */; };
		A10STSF00000000000000000 /* SwiftTreeSitter in Frameworks */ = {isa = PBXBuildFile; productRef = A10STSP00000000000000000 /* SwiftTreeSitter */; };
		A10TSBASHF00000000000000 /* TreeSitterBash in Frameworks */ = {isa = PBXBuildFile; productRef = A10TSBASHP00000000000000 /* TreeSitterBash */; };
		A10TSCF00000000000000000 /* TreeSitterC in Frameworks */ = {isa = PBXBuildFile; productRef = A10TSCP00000000000000000 /* TreeSitterC */; };
		A10TSCPPF000000000000000 /* TreeSitterCPP in Frameworks */ = {isa = PBXBuildFile; productRef = A10TSCPPP000000000000000 /* TreeSitterCPP */; };
		A10TSCSSF000000000000000 /* TreeSitterCSS in Frameworks */ = {isa = PBXBuildFile; productRef = A10TSCSSP000000000000000 /* TreeSitterCSS */; };
		A10TSGOF0000000000000000 /* TreeSitterGo in Frameworks */ = {isa = PBXBuildFile; productRef = A10TSGOP0000000000000000 /* TreeSitterGo */; };
		A10TSHTMLF00000000000000 /* TreeSitterHTML in Frameworks */ = {isa = PBXBuildFile; productRef = A10TSHTMLP00000000000000 /* TreeSitterHTML */; };
		A10TSJAVAF00000000000000 /* TreeSitterJava in Frameworks */ = {isa = PBXBuildFile; productRef = A10TSJAVAP00000000000000 /* TreeSitterJava */; };
		A10TSJSF0000000000000000 /* TreeSitterJavaScript in Frameworks */ = {isa = PBXBuildFile; productRef = A10TSJSP0000000000000000 /* TreeSitterJavaScript */; };
		A10TSJSONF00000000000000 /* TreeSitterJSON in Frameworks */ = {isa = PBXBuildFile; productRef = A10TSJSONP00000000000000 /* TreeSitterJSON */; };
		A10TSKTF0000000000000000 /* TreeSitterKotlin in Frameworks */ = {isa = PBXBuildFile; productRef = A10TSKTP0000000000000000 /* TreeSitterKotlin */; };
		A10TSPYF0000000000000000 /* TreeSitterPython in Frameworks */ = {isa = PBXBuildFile; productRef = A10TSPYP0000000000000000 /* TreeSitterPython */; };
		A10TSRBF0000000000000000 /* TreeSitterRuby in Frameworks */ = {isa = PBXBuildFile; productRef = A10TSRBP0000000000000000 /* TreeSitterRuby */; };
		A10TSRSF0000000000000000 /* TreeSitterRust in Frameworks */ = {isa = PBXBuildFile; productRef = A10TSRSP0000000000000000 /* TreeSitterRust */; };
		A10TSSWIFTF0000000000000 /* TreeSitterSwift in Frameworks */ = {isa = PBXBuildFile; productRef = A10TSSWIFTP0000000000000 /* TreeSitterSwift */; };
		A10TSTSF0000000000000000 /* TreeSitterTypeScript in Frameworks */ = {isa = PBXBuildFile; productRef = A10TSTSP0000000000000000 /* TreeSitterTypeScript */; };
/* End PBXBuildFile section */

/* Begin PBXFileReference section */
		30ACE9D53001EBF5006F8C54 /* Sage.app */ = {isa = PBXFileReference; explicitFileType = wrapper.application; includeInIndex = 0; path = Sage.app; sourceTree = BUILT_PRODUCTS_DIR; };
/* End PBXFileReference section */

/* Begin PBXFileSystemSynchronizedRootGroup section */
		30ACE9D73001EBF5006F8C54 /* Sage */ = {
			isa = PBXFileSystemSynchronizedRootGroup;
			path = Sage;
			sourceTree = "<group>";
		};
/* End PBXFileSystemSynchronizedRootGroup section */

/* Begin PBXFrameworksBuildPhase section */
		30ACE9D23001EBF5006F8C54 /* Frameworks */ = {
			isa = PBXFrameworksBuildPhase;
			buildActionMask = 2147483647;
			files = (
				A10MARKDOWN00000000000001 /* MarkdownUI in Frameworks */,
				A10GRDB000000000000000001 /* GRDB in Frameworks */,
				A10STSF00000000000000000 /* SwiftTreeSitter in Frameworks */,
				A10TSSWIFTF0000000000000 /* TreeSitterSwift in Frameworks */,
				A10TSPYF0000000000000000 /* TreeSitterPython in Frameworks */,
				A10TSJSF0000000000000000 /* TreeSitterJavaScript in Frameworks */,
				A10TSTSF0000000000000000 /* TreeSitterTypeScript in Frameworks */,
				A10TSRSF0000000000000000 /* TreeSitterRust in Frameworks */,
				A10TSGOF0000000000000000 /* TreeSitterGo in Frameworks */,
				A10TSCF00000000000000000 /* TreeSitterC in Frameworks */,
				A10TSCPPF000000000000000 /* TreeSitterCPP in Frameworks */,
				A10TSJSONF00000000000000 /* TreeSitterJSON in Frameworks */,
				A10TSHTMLF00000000000000 /* TreeSitterHTML in Frameworks */,
				A10TSCSSF000000000000000 /* TreeSitterCSS in Frameworks */,
				A10TSBASHF00000000000000 /* TreeSitterBash in Frameworks */,
				A10TSRBF0000000000000000 /* TreeSitterRuby in Frameworks */,
				A10TSJAVAF00000000000000 /* TreeSitterJava in Frameworks */,
				A10TSKTF0000000000000000 /* TreeSitterKotlin in Frameworks */,
			);
			runOnlyForDeploymentPostprocessing = 0;
		};
/* End PBXFrameworksBuildPhase section */

/* Begin PBXGroup section */
		30ACE9CC3001EBF5006F8C54 = {
			isa = PBXGroup;
			children = (
				30ACE9D73001EBF5006F8C54 /* Sage */,
				30ACE9D63001EBF5006F8C54 /* Products */,
			);
			sourceTree = "<group>";
		};
		30ACE9D63001EBF5006F8C54 /* Products */ = {
			isa = PBXGroup;
			children = (
				30ACE9D53001EBF5006F8C54 /* Sage.app */,
			);
			name = Products;
			sourceTree = "<group>";
		};
/* End PBXGroup section */

/* Begin PBXNativeTarget section */
		30ACE9D43001EBF5006F8C54 /* Sage */ = {
			isa = PBXNativeTarget;
			buildConfigurationList = 30ACE9E03001EBF6006F8C54 /* Build configuration list for PBXNativeTarget "Sage" */;
			buildPhases = (
				30ACE9D13001EBF5006F8C54 /* Sources */,
				30ACE9D23001EBF5006F8C54 /* Frameworks */,
				30ACE9D33001EBF5006F8C54 /* Resources */,
			);
			buildRules = (
			);
			dependencies = (
			);
			fileSystemSynchronizedGroups = (
				30ACE9D73001EBF5006F8C54 /* Sage */,
			);
			name = Sage;
			packageProductDependencies = (
				A10MARKDOWN00000000000002 /* MarkdownUI */,
				A10GRDB000000000000000002 /* GRDB */,
				A10STSP00000000000000000 /* SwiftTreeSitter */,
				A10TSSWIFTP0000000000000 /* TreeSitterSwift */,
				A10TSPYP0000000000000000 /* TreeSitterPython */,
				A10TSJSP0000000000000000 /* TreeSitterJavaScript */,
				A10TSTSP0000000000000000 /* TreeSitterTypeScript */,
				A10TSRSP0000000000000000 /* TreeSitterRust */,
				A10TSGOP0000000000000000 /* TreeSitterGo */,
				A10TSCP00000000000000000 /* TreeSitterC */,
				A10TSCPPP000000000000000 /* TreeSitterCPP */,
				A10TSJSONP00000000000000 /* TreeSitterJSON */,
				A10TSHTMLP00000000000000 /* TreeSitterHTML */,
				A10TSCSSP000000000000000 /* TreeSitterCSS */,
				A10TSBASHP00000000000000 /* TreeSitterBash */,
				A10TSRBP0000000000000000 /* TreeSitterRuby */,
				A10TSJAVAP00000000000000 /* TreeSitterJava */,
				A10TSKTP0000000000000000 /* TreeSitterKotlin */,
			);
			productName = Sage;
			productReference = 30ACE9D53001EBF5006F8C54 /* Sage.app */;
			productType = "com.apple.product-type.application";
		};
/* End PBXNativeTarget section */

/* Begin PBXProject section */
		30ACE9CD3001EBF5006F8C54 /* Project object */ = {
			isa = PBXProject;
			attributes = {
				BuildIndependentTargetsInParallel = 1;
				LastSwiftUpdateCheck = 2620;
				LastUpgradeCheck = 2620;
				TargetAttributes = {
					30ACE9D43001EBF5006F8C54 = {
						CreatedOnToolsVersion = 26.2;
					};
				};
			};
			buildConfigurationList = 30ACE9D03001EBF5006F8C54 /* Build configuration list for PBXProject "Sage" */;
			developmentRegion = en;
			hasScannedForEncodings = 0;
			knownRegions = (
				en,
				Base,
			);
			mainGroup = 30ACE9CC3001EBF5006F8C54;
			minimizedProjectReferenceProxies = 1;
			packageReferences = (
				A10MARKDOWN00000000000003 /* XCRemoteSwiftPackageReference "swift-markdown-ui" */,
				A10GRDB000000000000000003 /* XCRemoteSwiftPackageReference "GRDB.swift" */,
				A10STSPKG000000000000000 /* XCRemoteSwiftPackageReference "swift-tree-sitter" */,
				A10TSSWIFTPKG00000000000 /* XCRemoteSwiftPackageReference "tree-sitter-swift" */,
				A10TSPYPKG00000000000000 /* XCLocalSwiftPackageReference "ThirdParty/tree-sitter-python" */,
				A10TSJSPKG00000000000000 /* XCLocalSwiftPackageReference "ThirdParty/tree-sitter-javascript" */,
				A10TSTSPKG00000000000000 /* XCRemoteSwiftPackageReference "tree-sitter-typescript" */,
				A10TSRSPKG00000000000000 /* XCRemoteSwiftPackageReference "tree-sitter-rust" */,
				A10TSGOPKG00000000000000 /* XCRemoteSwiftPackageReference "tree-sitter-go" */,
				A10TSCPKG000000000000000 /* XCRemoteSwiftPackageReference "tree-sitter-c" */,
				A10TSCPPPKG0000000000000 /* XCRemoteSwiftPackageReference "tree-sitter-cpp" */,
				A10TSJSONPKG000000000000 /* XCRemoteSwiftPackageReference "tree-sitter-json" */,
				A10TSHTMLPKG000000000000 /* XCRemoteSwiftPackageReference "tree-sitter-html" */,
				A10TSCSSPKG0000000000000 /* XCLocalSwiftPackageReference "ThirdParty/tree-sitter-css" */,
				A10TSBASHPKG000000000000 /* XCRemoteSwiftPackageReference "tree-sitter-bash" */,
				A10TSRBPKG00000000000000 /* XCRemoteSwiftPackageReference "tree-sitter-ruby" */,
				A10TSJAVAPKG000000000000 /* XCRemoteSwiftPackageReference "tree-sitter-java" */,
				A10TSKTPKG00000000000000 /* XCRemoteSwiftPackageReference "tree-sitter-kotlin" */,
			);
			preferredProjectObjectVersion = 77;
			productRefGroup = 30ACE9D63001EBF5006F8C54 /* Products */;
			projectDirPath = "";
			projectRoot = "";
			targets = (
				30ACE9D43001EBF5006F8C54 /* Sage */,
			);
		};
/* End PBXProject section */

/* Begin PBXResourcesBuildPhase section */
		30ACE9D33001EBF5006F8C54 /* Resources */ = {
			isa = PBXResourcesBuildPhase;
			buildActionMask = 2147483647;
			files = (
			);
			runOnlyForDeploymentPostprocessing = 0;
		};
/* End PBXResourcesBuildPhase section */

/* Begin PBXSourcesBuildPhase section */
		30ACE9D13001EBF5006F8C54 /* Sources */ = {
			isa = PBXSourcesBuildPhase;
			buildActionMask = 2147483647;
			files = (
			);
			runOnlyForDeploymentPostprocessing = 0;
		};
/* End PBXSourcesBuildPhase section */

/* Begin XCBuildConfiguration section */
		30ACE9DE3001EBF6006F8C54 /* Debug */ = {
			isa = XCBuildConfiguration;
			buildSettings = {
				ALWAYS_SEARCH_USER_PATHS = NO;
				ASSETCATALOG_COMPILER_GENERATE_SWIFT_ASSET_SYMBOL_EXTENSIONS = YES;
				CLANG_ANALYZER_NONNULL = YES;
				CLANG_ANALYZER_NUMBER_OBJECT_CONVERSION = YES_AGGRESSIVE;
				CLANG_CXX_LANGUAGE_STANDARD = "gnu++20";
				CLANG_ENABLE_MODULES = YES;
				CLANG_ENABLE_OBJC_ARC = YES;
				CLANG_ENABLE_OBJC_WEAK = YES;
				CLANG_WARN_BLOCK_CAPTURE_AUTORELEASING = YES;
				CLANG_WARN_BOOL_CONVERSION = YES;
				CLANG_WARN_COMMA = YES;
				CLANG_WARN_CONSTANT_CONVERSION = YES;
				CLANG_WARN_DEPRECATED_OBJC_IMPLEMENTATIONS = YES;
				CLANG_WARN_DIRECT_OBJC_ISA_USAGE = YES_ERROR;
				CLANG_WARN_DOCUMENTATION_COMMENTS = YES;
				CLANG_WARN_EMPTY_BODY = YES;
				CLANG_WARN_ENUM_CONVERSION = YES;
				CLANG_WARN_INFINITE_RECURSION = YES;
				CLANG_WARN_INT_CONVERSION = YES;
				CLANG_WARN_NON_LITERAL_NULL_CONVERSION = YES;
				CLANG_WARN_OBJC_IMPLICIT_RETAIN_SELF = YES;
				CLANG_WARN_OBJC_LITERAL_CONVERSION = YES;
				CLANG_WARN_OBJC_ROOT_CLASS = YES_ERROR;
				CLANG_WARN_QUOTED_INCLUDE_IN_FRAMEWORK_HEADER = YES;
				CLANG_WARN_RANGE_LOOP_ANALYSIS = YES;
				CLANG_WARN_STRICT_PROTOTYPES = YES;
				CLANG_WARN_SUSPICIOUS_MOVE = YES;
				CLANG_WARN_UNGUARDED_AVAILABILITY = YES_AGGRESSIVE;
				CLANG_WARN_UNREACHABLE_CODE = YES;
				CLANG_WARN__DUPLICATE_METHOD_MATCH = YES;
				COPY_PHASE_STRIP = NO;
				DEBUG_INFORMATION_FORMAT = dwarf;
				ENABLE_STRICT_OBJC_MSGSEND = YES;
				ENABLE_TESTABILITY = YES;
				ENABLE_USER_SCRIPT_SANDBOXING = YES;
				GCC_C_LANGUAGE_STANDARD = gnu17;
				GCC_DYNAMIC_NO_PIC = NO;
				GCC_NO_COMMON_BLOCKS = YES;
				GCC_OPTIMIZATION_LEVEL = 0;
				GCC_PREPROCESSOR_DEFINITIONS = (
					"DEBUG=1",
					"$(inherited)",
				);
				GCC_WARN_64_TO_32_BIT_CONVERSION = YES;
				GCC_WARN_ABOUT_RETURN_TYPE = YES_ERROR;
				GCC_WARN_UNDECLARED_SELECTOR = YES;
				GCC_WARN_UNINITIALIZED_AUTOS = YES_AGGRESSIVE;
				GCC_WARN_UNUSED_FUNCTION = YES;
				GCC_WARN_UNUSED_VARIABLE = YES;
				LOCALIZATION_PREFERS_STRING_CATALOGS = YES;
				MACOSX_DEPLOYMENT_TARGET = 26.2;
				MTL_ENABLE_DEBUG_INFO = INCLUDE_SOURCE;
				MTL_FAST_MATH = YES;
				ONLY_ACTIVE_ARCH = YES;
				SDKROOT = macosx;
				SWIFT_ACTIVE_COMPILATION_CONDITIONS = "DEBUG $(inherited)";
				SWIFT_OPTIMIZATION_LEVEL = "-Onone";
			};
			name = Debug;
		};
		30ACE9DF3001EBF6006F8C54 /* Release */ = {
			isa = XCBuildConfiguration;
			buildSettings = {
				ALWAYS_SEARCH_USER_PATHS = NO;
				ASSETCATALOG_COMPILER_GENERATE_SWIFT_ASSET_SYMBOL_EXTENSIONS = YES;
				CLANG_ANALYZER_NONNULL = YES;
				CLANG_ANALYZER_NUMBER_OBJECT_CONVERSION = YES_AGGRESSIVE;
				CLANG_CXX_LANGUAGE_STANDARD = "gnu++20";
				CLANG_ENABLE_MODULES = YES;
				CLANG_ENABLE_OBJC_ARC = YES;
				CLANG_ENABLE_OBJC_WEAK = YES;
				CLANG_WARN_BLOCK_CAPTURE_AUTORELEASING = YES;
				CLANG_WARN_BOOL_CONVERSION = YES;
				CLANG_WARN_COMMA = YES;
				CLANG_WARN_CONSTANT_CONVERSION = YES;
				CLANG_WARN_DEPRECATED_OBJC_IMPLEMENTATIONS = YES;
				CLANG_WARN_DIRECT_OBJC_ISA_USAGE = YES_ERROR;
				CLANG_WARN_DOCUMENTATION_COMMENTS = YES;
				CLANG_WARN_EMPTY_BODY = YES;
				CLANG_WARN_ENUM_CONVERSION = YES;
				CLANG_WARN_INFINITE_RECURSION = YES;
				CLANG_WARN_INT_CONVERSION = YES;
				CLANG_WARN_NON_LITERAL_NULL_CONVERSION = YES;
				CLANG_WARN_OBJC_IMPLICIT_RETAIN_SELF = YES;
				CLANG_WARN_OBJC_LITERAL_CONVERSION = YES;
				CLANG_WARN_OBJC_ROOT_CLASS = YES_ERROR;
				CLANG_WARN_QUOTED_INCLUDE_IN_FRAMEWORK_HEADER = YES;
				CLANG_WARN_RANGE_LOOP_ANALYSIS = YES;
				CLANG_WARN_STRICT_PROTOTYPES = YES;
				CLANG_WARN_SUSPICIOUS_MOVE = YES;
				CLANG_WARN_UNGUARDED_AVAILABILITY = YES_AGGRESSIVE;
				CLANG_WARN_UNREACHABLE_CODE = YES;
				CLANG_WARN__DUPLICATE_METHOD_MATCH = YES;
				COPY_PHASE_STRIP = NO;
				DEBUG_INFORMATION_FORMAT = "dwarf-with-dsym";
				ENABLE_NS_ASSERTIONS = NO;
				ENABLE_STRICT_OBJC_MSGSEND = YES;
				ENABLE_USER_SCRIPT_SANDBOXING = YES;
				GCC_C_LANGUAGE_STANDARD = gnu17;
				GCC_NO_COMMON_BLOCKS = YES;
				GCC_WARN_64_TO_32_BIT_CONVERSION = YES;
				GCC_WARN_ABOUT_RETURN_TYPE = YES_ERROR;
				GCC_WARN_UNDECLARED_SELECTOR = YES;
				GCC_WARN_UNINITIALIZED_AUTOS = YES_AGGRESSIVE;
				GCC_WARN_UNUSED_FUNCTION = YES;
				GCC_WARN_UNUSED_VARIABLE = YES;
				LOCALIZATION_PREFERS_STRING_CATALOGS = YES;
				MACOSX_DEPLOYMENT_TARGET = 26.2;
				MTL_ENABLE_DEBUG_INFO = NO;
				MTL_FAST_MATH = YES;
				SDKROOT = macosx;
				SWIFT_COMPILATION_MODE = wholemodule;
			};
			name = Release;
		};
		30ACE9E13001EBF6006F8C54 /* Debug */ = {
			isa = XCBuildConfiguration;
			buildSettings = {
				ASSETCATALOG_COMPILER_APPICON_NAME = AppIcon;
				ASSETCATALOG_COMPILER_GLOBAL_ACCENT_COLOR_NAME = AccentColor;
				CODE_SIGN_STYLE = Automatic;
				COMBINE_HIDPI_IMAGES = YES;
				CURRENT_PROJECT_VERSION = 1;
				ENABLE_APP_SANDBOX = NO;
				ENABLE_HARDENED_RUNTIME = YES;
				ENABLE_PREVIEWS = YES;
				GENERATE_INFOPLIST_FILE = YES;
				INFOPLIST_KEY_LSUIElement = YES;
				INFOPLIST_KEY_NSHumanReadableCopyright = "";
				INFOPLIST_KEY_NSUserNotificationAlertStyle = alert;
				LD_RUNPATH_SEARCH_PATHS = (
					"$(inherited)",
					"@executable_path/../Frameworks",
				);
				MARKETING_VERSION = 1.0;
				PRODUCT_BUNDLE_IDENTIFIER = mozheng.Sage;
				PRODUCT_NAME = "$(TARGET_NAME)";
				REGISTER_APP_GROUPS = YES;
				STRING_CATALOG_GENERATE_SYMBOLS = YES;
				SWIFT_APPROACHABLE_CONCURRENCY = YES;
				SWIFT_DEFAULT_ACTOR_ISOLATION = MainActor;
				SWIFT_EMIT_LOC_STRINGS = YES;
				SWIFT_UPCOMING_FEATURE_MEMBER_IMPORT_VISIBILITY = YES;
				SWIFT_VERSION = 5.0;
			};
			name = Debug;
		};
		30ACE9E23001EBF6006F8C54 /* Release */ = {
			isa = XCBuildConfiguration;
			buildSettings = {
				ASSETCATALOG_COMPILER_APPICON_NAME = AppIcon;
				ASSETCATALOG_COMPILER_GLOBAL_ACCENT_COLOR_NAME = AccentColor;
				CODE_SIGN_STYLE = Automatic;
				COMBINE_HIDPI_IMAGES = YES;
				CURRENT_PROJECT_VERSION = 1;
				ENABLE_APP_SANDBOX = NO;
				ENABLE_HARDENED_RUNTIME = YES;
				ENABLE_PREVIEWS = YES;
				GENERATE_INFOPLIST_FILE = YES;
				INFOPLIST_KEY_LSUIElement = YES;
				INFOPLIST_KEY_NSHumanReadableCopyright = "";
				INFOPLIST_KEY_NSUserNotificationAlertStyle = alert;
				LD_RUNPATH_SEARCH_PATHS = (
					"$(inherited)",
					"@executable_path/../Frameworks",
				);
				MARKETING_VERSION = 1.0;
				PRODUCT_BUNDLE_IDENTIFIER = mozheng.Sage;
				PRODUCT_NAME = "$(TARGET_NAME)";
				REGISTER_APP_GROUPS = YES;
				STRING_CATALOG_GENERATE_SYMBOLS = YES;
				SWIFT_APPROACHABLE_CONCURRENCY = YES;
				SWIFT_DEFAULT_ACTOR_ISOLATION = MainActor;
				SWIFT_EMIT_LOC_STRINGS = YES;
				SWIFT_UPCOMING_FEATURE_MEMBER_IMPORT_VISIBILITY = YES;
				SWIFT_VERSION = 5.0;
			};
			name = Release;
		};
/* End XCBuildConfiguration section */

/* Begin XCConfigurationList section */
		30ACE9D03001EBF5006F8C54 /* Build configuration list for PBXProject "Sage" */ = {
			isa = XCConfigurationList;
			buildConfigurations = (
				30ACE9DE3001EBF6006F8C54 /* Debug */,
				30ACE9DF3001EBF6006F8C54 /* Release */,
			);
			defaultConfigurationIsVisible = 0;
			defaultConfigurationName = Release;
		};
		30ACE9E03001EBF6006F8C54 /* Build configuration list for PBXNativeTarget "Sage" */ = {
			isa = XCConfigurationList;
			buildConfigurations = (
				30ACE9E13001EBF6006F8C54 /* Debug */,
				30ACE9E23001EBF6006F8C54 /* Release */,
			);
			defaultConfigurationIsVisible = 0;
			defaultConfigurationName = Release;
		};
/* End XCConfigurationList section */

/* Begin XCLocalSwiftPackageReference section */
		A10TSCSSPKG0000000000000 /* XCLocalSwiftPackageReference "ThirdParty/tree-sitter-css" */ = {
			isa = XCLocalSwiftPackageReference;
			relativePath = "ThirdParty/tree-sitter-css";
		};
		A10TSJSPKG00000000000000 /* XCLocalSwiftPackageReference "ThirdParty/tree-sitter-javascript" */ = {
			isa = XCLocalSwiftPackageReference;
			relativePath = "ThirdParty/tree-sitter-javascript";
		};
		A10TSPYPKG00000000000000 /* XCLocalSwiftPackageReference "ThirdParty/tree-sitter-python" */ = {
			isa = XCLocalSwiftPackageReference;
			relativePath = "ThirdParty/tree-sitter-python";
		};
/* End XCLocalSwiftPackageReference section */

/* Begin XCRemoteSwiftPackageReference section */
		A10GRDB000000000000000003 /* XCRemoteSwiftPackageReference "GRDB.swift" */ = {
			isa = XCRemoteSwiftPackageReference;
			repositoryURL = "https://github.com/groue/GRDB.swift.git";
			requirement = {
				kind = upToNextMajorVersion;
				minimumVersion = 7.11.1;
			};
		};
		A10MARKDOWN00000000000003 /* XCRemoteSwiftPackageReference "swift-markdown-ui" */ = {
			isa = XCRemoteSwiftPackageReference;
			repositoryURL = "https://github.com/gonzalezreal/swift-markdown-ui.git";
			requirement = {
				kind = upToNextMajorVersion;
				minimumVersion = 2.4.1;
			};
		};
		A10STSPKG000000000000000 /* XCRemoteSwiftPackageReference "swift-tree-sitter" */ = {
			isa = XCRemoteSwiftPackageReference;
			repositoryURL = "https://github.com/tree-sitter/swift-tree-sitter";
			requirement = {
				kind = upToNextMajorVersion;
				minimumVersion = 0.9.0;
			};
		};
		A10TSBASHPKG000000000000 /* XCRemoteSwiftPackageReference "tree-sitter-bash" */ = {
			isa = XCRemoteSwiftPackageReference;
			repositoryURL = "https://github.com/tree-sitter/tree-sitter-bash";
			requirement = {
				kind = upToNextMajorVersion;
				minimumVersion = 0.23.0;
			};
		};
		A10TSCPKG000000000000000 /* XCRemoteSwiftPackageReference "tree-sitter-c" */ = {
			isa = XCRemoteSwiftPackageReference;
			repositoryURL = "https://github.com/tree-sitter/tree-sitter-c";
			requirement = {
				kind = upToNextMajorVersion;
				minimumVersion = 0.24.0;
			};
		};
		A10TSCPPPKG0000000000000 /* XCRemoteSwiftPackageReference "tree-sitter-cpp" */ = {
			isa = XCRemoteSwiftPackageReference;
			repositoryURL = "https://github.com/tree-sitter/tree-sitter-cpp";
			requirement = {
				kind = upToNextMajorVersion;
				minimumVersion = 0.23.0;
			};
		};
		A10TSGOPKG00000000000000 /* XCRemoteSwiftPackageReference "tree-sitter-go" */ = {
			isa = XCRemoteSwiftPackageReference;
			repositoryURL = "https://github.com/tree-sitter/tree-sitter-go";
			requirement = {
				kind = upToNextMajorVersion;
				minimumVersion = 0.23.0;
			};
		};
		A10TSHTMLPKG000000000000 /* XCRemoteSwiftPackageReference "tree-sitter-html" */ = {
			isa = XCRemoteSwiftPackageReference;
			repositoryURL = "https://github.com/tree-sitter/tree-sitter-html";
			requirement = {
				kind = upToNextMajorVersion;
				minimumVersion = 0.23.0;
			};
		};
		A10TSJAVAPKG000000000000 /* XCRemoteSwiftPackageReference "tree-sitter-java" */ = {
			isa = XCRemoteSwiftPackageReference;
			repositoryURL = "https://github.com/tree-sitter/tree-sitter-java";
			requirement = {
				kind = upToNextMajorVersion;
				minimumVersion = 0.23.0;
			};
		};
		A10TSJSONPKG000000000000 /* XCRemoteSwiftPackageReference "tree-sitter-json" */ = {
			isa = XCRemoteSwiftPackageReference;
			repositoryURL = "https://github.com/tree-sitter/tree-sitter-json";
			requirement = {
				kind = upToNextMajorVersion;
				minimumVersion = 0.24.0;
			};
		};
		A10TSKTPKG00000000000000 /* XCRemoteSwiftPackageReference "tree-sitter-kotlin" */ = {
			isa = XCRemoteSwiftPackageReference;
			repositoryURL = "https://github.com/fwcd/tree-sitter-kotlin";
			requirement = {
				kind = upToNextMajorVersion;
				minimumVersion = 0.3.6;
			};
		};
		A10TSRBPKG00000000000000 /* XCRemoteSwiftPackageReference "tree-sitter-ruby" */ = {
			isa = XCRemoteSwiftPackageReference;
			repositoryURL = "https://github.com/tree-sitter/tree-sitter-ruby";
			requirement = {
				kind = upToNextMajorVersion;
				minimumVersion = 0.23.0;
			};
		};
		A10TSRSPKG00000000000000 /* XCRemoteSwiftPackageReference "tree-sitter-rust" */ = {
			isa = XCRemoteSwiftPackageReference;
			repositoryURL = "https://github.com/tree-sitter/tree-sitter-rust";
			requirement = {
				kind = upToNextMajorVersion;
				minimumVersion = 0.24.0;
			};
		};
		A10TSSWIFTPKG00000000000 /* XCRemoteSwiftPackageReference "tree-sitter-swift" */ = {
			isa = XCRemoteSwiftPackageReference;
			repositoryURL = "https://github.com/alex-pinkus/tree-sitter-swift";
			requirement = {
				kind = exactVersion;
				version = "0.7.3-with-generated-files";
			};
		};
		A10TSTSPKG00000000000000 /* XCRemoteSwiftPackageReference "tree-sitter-typescript" */ = {
			isa = XCRemoteSwiftPackageReference;
			repositoryURL = "https://github.com/tree-sitter/tree-sitter-typescript";
			requirement = {
				kind = upToNextMajorVersion;
				minimumVersion = 0.23.0;
			};
		};
/* End XCRemoteSwiftPackageReference section */

/* Begin XCSwiftPackageProductDependency section */
		A10GRDB000000000000000002 /* GRDB */ = {
			isa = XCSwiftPackageProductDependency;
			package = A10GRDB000000000000000003 /* XCRemoteSwiftPackageReference "GRDB.swift" */;
			productName = GRDB;
		};
		A10MARKDOWN00000000000002 /* MarkdownUI */ = {
			isa = XCSwiftPackageProductDependency;
			package = A10MARKDOWN00000000000003 /* XCRemoteSwiftPackageReference "swift-markdown-ui" */;
			productName = MarkdownUI;
		};
		A10STSP00000000000000000 /* SwiftTreeSitter */ = {
			isa = XCSwiftPackageProductDependency;
			package = A10STSPKG000000000000000 /* XCRemoteSwiftPackageReference "swift-tree-sitter" */;
			productName = SwiftTreeSitter;
		};
		A10TSBASHP00000000000000 /* TreeSitterBash */ = {
			isa = XCSwiftPackageProductDependency;
			package = A10TSBASHPKG000000000000 /* XCRemoteSwiftPackageReference "tree-sitter-bash" */;
			productName = TreeSitterBash;
		};
		A10TSCP00000000000000000 /* TreeSitterC */ = {
			isa = XCSwiftPackageProductDependency;
			package = A10TSCPKG000000000000000 /* XCRemoteSwiftPackageReference "tree-sitter-c" */;
			productName = TreeSitterC;
		};
		A10TSCPPP000000000000000 /* TreeSitterCPP */ = {
			isa = XCSwiftPackageProductDependency;
			package = A10TSCPPPKG0000000000000 /* XCRemoteSwiftPackageReference "tree-sitter-cpp" */;
			productName = TreeSitterCPP;
		};
		A10TSCSSP000000000000000 /* TreeSitterCSS */ = {
			isa = XCSwiftPackageProductDependency;
			package = A10TSCSSPKG0000000000000 /* XCLocalSwiftPackageReference "ThirdParty/tree-sitter-css" */;
			productName = TreeSitterCSS;
		};
		A10TSGOP0000000000000000 /* TreeSitterGo */ = {
			isa = XCSwiftPackageProductDependency;
			package = A10TSGOPKG00000000000000 /* XCRemoteSwiftPackageReference "tree-sitter-go" */;
			productName = TreeSitterGo;
		};
		A10TSHTMLP00000000000000 /* TreeSitterHTML */ = {
			isa = XCSwiftPackageProductDependency;
			package = A10TSHTMLPKG000000000000 /* XCRemoteSwiftPackageReference "tree-sitter-html" */;
			productName = TreeSitterHTML;
		};
		A10TSJAVAP00000000000000 /* TreeSitterJava */ = {
			isa = XCSwiftPackageProductDependency;
			package = A10TSJAVAPKG000000000000 /* XCRemoteSwiftPackageReference "tree-sitter-java" */;
			productName = TreeSitterJava;
		};
		A10TSJSONP00000000000000 /* TreeSitterJSON */ = {
			isa = XCSwiftPackageProductDependency;
			package = A10TSJSONPKG000000000000 /* XCRemoteSwiftPackageReference "tree-sitter-json" */;
			productName = TreeSitterJSON;
		};
		A10TSJSP0000000000000000 /* TreeSitterJavaScript */ = {
			isa = XCSwiftPackageProductDependency;
			package = A10TSJSPKG00000000000000 /* XCLocalSwiftPackageReference "ThirdParty/tree-sitter-javascript" */;
			productName = TreeSitterJavaScript;
		};
		A10TSKTP0000000000000000 /* TreeSitterKotlin */ = {
			isa = XCSwiftPackageProductDependency;
			package = A10TSKTPKG00000000000000 /* XCRemoteSwiftPackageReference "tree-sitter-kotlin" */;
			productName = TreeSitterKotlin;
		};
		A10TSPYP0000000000000000 /* TreeSitterPython */ = {
			isa = XCSwiftPackageProductDependency;
			package = A10TSPYPKG00000000000000 /* XCLocalSwiftPackageReference "ThirdParty/tree-sitter-python" */;
			productName = TreeSitterPython;
		};
		A10TSRBP0000000000000000 /* TreeSitterRuby */ = {
			isa = XCSwiftPackageProductDependency;
			package = A10TSRBPKG00000000000000 /* XCRemoteSwiftPackageReference "tree-sitter-ruby" */;
			productName = TreeSitterRuby;
		};
		A10TSRSP0000000000000000 /* TreeSitterRust */ = {
			isa = XCSwiftPackageProductDependency;
			package = A10TSRSPKG00000000000000 /* XCRemoteSwiftPackageReference "tree-sitter-rust" */;
			productName = TreeSitterRust;
		};
		A10TSSWIFTP0000000000000 /* TreeSitterSwift */ = {
			isa = XCSwiftPackageProductDependency;
			package = A10TSSWIFTPKG00000000000 /* XCRemoteSwiftPackageReference "tree-sitter-swift" */;
			productName = TreeSitterSwift;
		};
		A10TSTSP0000000000000000 /* TreeSitterTypeScript */ = {
			isa = XCSwiftPackageProductDependency;
			package = A10TSTSPKG00000000000000 /* XCRemoteSwiftPackageReference "tree-sitter-typescript" */;
			productName = TreeSitterTypeScript;
		};
/* End XCSwiftPackageProductDependency section */
	};
	rootObject = 30ACE9CD3001EBF5006F8C54 /* Project object */;
}
